// !$*UTF8*$!
{
	archiveVersion = 1;
	classes = {
	};
	objectVersion = 46;
	objects = {

/* Begin PBXBuildFile section */
		031E9E381EE3FAD1009E7966 /* ScreenBrightnessManager.swift in Sources */ = {isa = PBXBuildFile; fileRef = 031E9E371EE3FAD1009E7966 /* ScreenBrightnessManager.swift */; };
		031E9E3C1EE456AD009E7966 /* InfoManager.swift in Sources */ = {isa = PBXBuildFile; fileRef = 031E9E3B1EE456AD009E7966 /* InfoManager.swift */; };
		031E9E401EE527D8009E7966 /* InfoTableViewController.swift in Sources */ = {isa = PBXBuildFile; fileRef = 031E9E3F1EE527D8009E7966 /* InfoTableViewController.swift */; };
		031E9E421EE53BE4009E7966 /* InfoDetailViewController.swift in Sources */ = {isa = PBXBuildFile; fileRef = 031E9E411EE53BE4009E7966 /* InfoDetailViewController.swift */; };
		031E9E561EE566AE009E7966 /* VersoinManager.swift in Sources */ = {isa = PBXBuildFile; fileRef = 031E9E551EE566AE009E7966 /* VersoinManager.swift */; };
		0328AB861EC72CAA00D2C681 /* WedgetDataCenter.swift in Sources */ = {isa = PBXBuildFile; fileRef = 0328AB851EC72CAA00D2C681 /* WedgetDataCenter.swift */; };
		0328AB881EC72CE200D2C681 /* DataRepository.swift in Sources */ = {isa = PBXBuildFile; fileRef = 0328AB871EC72CE200D2C681 /* DataRepository.swift */; };
		032FD94E1EC6ED6400F488E9 /* AppDelegate.swift in Sources */ = {isa = PBXBuildFile; fileRef = 032FD94D1EC6ED6400F488E9 /* AppDelegate.swift */; };
		032FD9531EC6ED6400F488E9 /* Main.storyboard in Resources */ = {isa = PBXBuildFile; fileRef = 032FD9511EC6ED6400F488E9 /* Main.storyboard */; };
		032FD9551EC6ED6400F488E9 /* Assets.xcassets in Resources */ = {isa = PBXBuildFile; fileRef = 032FD9541EC6ED6400F488E9 /* Assets.xcassets */; };
		032FD9581EC6ED6400F488E9 /* LaunchScreen.storyboard in Resources */ = {isa = PBXBuildFile; fileRef = 032FD9561EC6ED6400F488E9 /* LaunchScreen.storyboard */; };
		032FD9601EC6EDF000F488E9 /* MainTableViewController.swift in Sources */ = {isa = PBXBuildFile; fileRef = 032FD95F1EC6EDF000F488E9 /* MainTableViewController.swift */; };
		032FD9621EC6F08A00F488E9 /* AddTableViewController.swift in Sources */ = {isa = PBXBuildFile; fileRef = 032FD9611EC6F08A00F488E9 /* AddTableViewController.swift */; };
		032FD9A21EC6FD2900F488E9 /* SharedMemoryContext.swift in Sources */ = {isa = PBXBuildFile; fileRef = 032FD9A11EC6FD2800F488E9 /* SharedMemoryContext.swift */; };
		033EACBC1EE13C4900D180B7 /* BarcodeReaderViewController.swift in Sources */ = {isa = PBXBuildFile; fileRef = 033EACBB1EE13C4900D180B7 /* BarcodeReaderViewController.swift */; };
		034743D51ED531AA0039DABE /* FullScreenImageViewController.swift in Sources */ = {isa = PBXBuildFile; fileRef = 034743D41ED531AA0039DABE /* FullScreenImageViewController.swift */; };
		034744161ED579BF0039DABE /* Korean.strings in Resources */ = {isa = PBXBuildFile; fileRef = 034744181ED579BF0039DABE /* Korean.strings */; };
		036C04951EC94C56006DEBBA /* ColorManager.swift in Sources */ = {isa = PBXBuildFile; fileRef = 036C04941EC94C56006DEBBA /* ColorManager.swift */; };
		036C04C61EC9B40A006DEBBA /* NotificationCenter.framework in Frameworks */ = {isa = PBXBuildFile; fileRef = 032FD9691EC6F69100F488E9 /* NotificationCenter.framework */; };
		036C04C91EC9B40A006DEBBA /* TodayViewController.swift in Sources */ = {isa = PBXBuildFile; fileRef = 036C04C81EC9B40A006DEBBA /* TodayViewController.swift */; };
		036C04CC1EC9B40A006DEBBA /* MainInterface.storyboard in Resources */ = {isa = PBXBuildFile; fileRef = 036C04CA1EC9B40A006DEBBA /* MainInterface.storyboard */; };
		036C04D01EC9B40A006DEBBA /* ForPpu_Blue.appex in Embed App Extensions */ = {isa = PBXBuildFile; fileRef = 036C04C51EC9B40A006DEBBA /* ForPpu_Blue.appex */; settings = {ATTRIBUTES = (RemoveHeadersOnCopy, ); }; };
		036C04DC1EC9B610006DEBBA /* NotificationCenter.framework in Frameworks */ = {isa = PBXBuildFile; fileRef = 032FD9691EC6F69100F488E9 /* NotificationCenter.framework */; };
		036C04DF1EC9B610006DEBBA /* TodayViewController.swift in Sources */ = {isa = PBXBuildFile; fileRef = 036C04DE1EC9B610006DEBBA /* TodayViewController.swift */; };
		036C04E21EC9B610006DEBBA /* MainInterface.storyboard in Resources */ = {isa = PBXBuildFile; fileRef = 036C04E01EC9B610006DEBBA /* MainInterface.storyboard */; };
		036C04E61EC9B610006DEBBA /* ForPpu_Green.appex in Embed App Extensions */ = {isa = PBXBuildFile; fileRef = 036C04DB1EC9B610006DEBBA /* ForPpu_Green.appex */; settings = {ATTRIBUTES = (RemoveHeadersOnCopy, ); }; };
		036C04EC1EC9B68C006DEBBA /* SendDataBoxGreen.swift in Sources */ = {isa = PBXBuildFile; fileRef = 036C04EB1EC9B68C006DEBBA /* SendDataBoxGreen.swift */; };
		036C04F31ECAC783006DEBBA /* NotificationCenter.framework in Frameworks */ = {isa = PBXBuildFile; fileRef = 032FD9691EC6F69100F488E9 /* NotificationCenter.framework */; };
		036C04F61ECAC783006DEBBA /* TodayViewController.swift in Sources */ = {isa = PBXBuildFile; fileRef = 036C04F51ECAC783006DEBBA /* TodayViewController.swift */; };
		036C04F91ECAC783006DEBBA /* MainInterface.storyboard in Resources */ = {isa = PBXBuildFile; fileRef = 036C04F71ECAC783006DEBBA /* MainInterface.storyboard */; };
		036C04FD1ECAC783006DEBBA /* ForPpu_Red.appex in Embed App Extensions */ = {isa = PBXBuildFile; fileRef = 036C04F21ECAC783006DEBBA /* ForPpu_Red.appex */; settings = {ATTRIBUTES = (RemoveHeadersOnCopy, ); }; };
		036C05061ECAC7CD006DEBBA /* NotificationCenter.framework in Frameworks */ = {isa = PBXBuildFile; fileRef = 032FD9691EC6F69100F488E9 /* NotificationCenter.framework */; };
		036C05091ECAC7CD006DEBBA /* TodayViewController.swift in Sources */ = {isa = PBXBuildFile; fileRef = 036C05081ECAC7CD006DEBBA /* TodayViewController.swift */; };
		036C050C1ECAC7CD006DEBBA /* MainInterface.storyboard in Resources */ = {isa = PBXBuildFile; fileRef = 036C050A1ECAC7CD006DEBBA /* MainInterface.storyboard */; };
		036C05101ECAC7CD006DEBBA /* ForPpu_Orange.appex in Embed App Extensions */ = {isa = PBXBuildFile; fileRef = 036C05051ECAC7CD006DEBBA /* ForPpu_Orange.appex */; settings = {ATTRIBUTES = (RemoveHeadersOnCopy, ); }; };
		036C05191ECAC7DF006DEBBA /* NotificationCenter.framework in Frameworks */ = {isa = PBXBuildFile; fileRef = 032FD9691EC6F69100F488E9 /* NotificationCenter.framework */; };
		036C051C1ECAC7DF006DEBBA /* TodayViewController.swift in Sources */ = {isa = PBXBuildFile; fileRef = 036C051B1ECAC7DF006DEBBA /* TodayViewController.swift */; };
		036C051F1ECAC7DF006DEBBA /* MainInterface.storyboard in Resources */ = {isa = PBXBuildFile; fileRef = 036C051D1ECAC7DF006DEBBA /* MainInterface.storyboard */; };
		036C05231ECAC7DF006DEBBA /* ForPpu_Yellow.appex in Embed App Extensions */ = {isa = PBXBuildFile; fileRef = 036C05181ECAC7DF006DEBBA /* ForPpu_Yellow.appex */; settings = {ATTRIBUTES = (RemoveHeadersOnCopy, ); }; };
		036C052C1ECAC7F0006DEBBA /* NotificationCenter.framework in Frameworks */ = {isa = PBXBuildFile; fileRef = 032FD9691EC6F69100F488E9 /* NotificationCenter.framework */; };
		036C052F1ECAC7F0006DEBBA /* TodayViewController.swift in Sources */ = {isa = PBXBuildFile; fileRef = 036C052E1ECAC7F0006DEBBA /* TodayViewController.swift */; };
		036C05321ECAC7F0006DEBBA /* MainInterface.storyboard in Resources */ = {isa = PBXBuildFile; fileRef = 036C05301ECAC7F0006DEBBA /* MainInterface.storyboard */; };
		036C05361ECAC7F0006DEBBA /* ForPpu_Indigo.appex in Embed App Extensions */ = {isa = PBXBuildFile; fileRef = 036C052B1ECAC7F0006DEBBA /* ForPpu_Indigo.appex */; settings = {ATTRIBUTES = (RemoveHeadersOnCopy, ); }; };
		036C053F1ECAC7FC006DEBBA /* NotificationCenter.framework in Frameworks */ = {isa = PBXBuildFile; fileRef = 032FD9691EC6F69100F488E9 /* NotificationCenter.framework */; };
		036C05421ECAC7FC006DEBBA /* TodayViewController.swift in Sources */ = {isa = PBXBuildFile; fileRef = 036C05411ECAC7FC006DEBBA /* TodayViewController.swift */; };
		036C05451ECAC7FC006DEBBA /* MainInterface.storyboard in Resources */ = {isa = PBXBuildFile; fileRef = 036C05431ECAC7FC006DEBBA /* MainInterface.storyboard */; };
		036C05491ECAC7FC006DEBBA /* ForPpu_Violet.appex in Embed App Extensions */ = {isa = PBXBuildFile; fileRef = 036C053E1ECAC7FC006DEBBA /* ForPpu_Violet.appex */; settings = {ATTRIBUTES = (RemoveHeadersOnCopy, ); }; };
		036C05531ECAC957006DEBBA /* SendDataBoxRed.swift in Sources */ = {isa = PBXBuildFile; fileRef = 036C05521ECAC957006DEBBA /* SendDataBoxRed.swift */; };
		036C05551ECAC99F006DEBBA /* SendDataBoxOrange.swift in Sources */ = {isa = PBXBuildFile; fileRef = 036C05541ECAC99F006DEBBA /* SendDataBoxOrange.swift */; };
		036C05571ECAC9E8006DEBBA /* SendDataBoxYellow.swift in Sources */ = {isa = PBXBuildFile; fileRef = 036C05561ECAC9E8006DEBBA /* SendDataBoxYellow.swift */; };
		036C05591ECACA2C006DEBBA /* SendDataBoxBlue.swift in Sources */ = {isa = PBXBuildFile; fileRef = 036C05581ECACA2C006DEBBA /* SendDataBoxBlue.swift */; };
		036C055D1ECACAF5006DEBBA /* SendDataBoxViolet.swift in Sources */ = {isa = PBXBuildFile; fileRef = 036C055C1ECACAF5006DEBBA /* SendDataBoxViolet.swift */; };
		036C05611ECAD630006DEBBA /* SendDataBoxIndigo.swift in Sources */ = {isa = PBXBuildFile; fileRef = 036C055A1ECACABF006DEBBA /* SendDataBoxIndigo.swift */; };
		03E662011F3F198300630331 /* Fabric.framework in Frameworks */ = {isa = PBXBuildFile; fileRef = 03E661FF1F3F198300630331 /* Fabric.framework */; };
		03E662021F3F198300630331 /* Fabric.framework in Frameworks */ = {isa = PBXBuildFile; fileRef = 03E661FF1F3F198300630331 /* Fabric.framework */; };
		03E662031F3F198300630331 /* Fabric.framework in Frameworks */ = {isa = PBXBuildFile; fileRef = 03E661FF1F3F198300630331 /* Fabric.framework */; };
		03E662041F3F198300630331 /* Fabric.framework in Frameworks */ = {isa = PBXBuildFile; fileRef = 03E661FF1F3F198300630331 /* Fabric.framework */; };
		03E662051F3F198300630331 /* Fabric.framework in Frameworks */ = {isa = PBXBuildFile; fileRef = 03E661FF1F3F198300630331 /* Fabric.framework */; };
		03E662061F3F198300630331 /* Fabric.framework in Frameworks */ = {isa = PBXBuildFile; fileRef = 03E661FF1F3F198300630331 /* Fabric.framework */; };
		03E662071F3F198300630331 /* Fabric.framework in Frameworks */ = {isa = PBXBuildFile; fileRef = 03E661FF1F3F198300630331 /* Fabric.framework */; };
		03E662081F3F198300630331 /* Fabric.framework in Frameworks */ = {isa = PBXBuildFile; fileRef = 03E661FF1F3F198300630331 /* Fabric.framework */; };
		03E662091F3F198300630331 /* Answers.framework in Frameworks */ = {isa = PBXBuildFile; fileRef = 03E662001F3F198300630331 /* Answers.framework */; };
		03E6620A1F3F198300630331 /* Answers.framework in Frameworks */ = {isa = PBXBuildFile; fileRef = 03E662001F3F198300630331 /* Answers.framework */; };
		03E6620B1F3F198300630331 /* Answers.framework in Frameworks */ = {isa = PBXBuildFile; fileRef = 03E662001F3F198300630331 /* Answers.framework */; };
		03E6620C1F3F198300630331 /* Answers.framework in Frameworks */ = {isa = PBXBuildFile; fileRef = 03E662001F3F198300630331 /* Answers.framework */; };
		03E6620D1F3F198300630331 /* Answers.framework in Frameworks */ = {isa = PBXBuildFile; fileRef = 03E662001F3F198300630331 /* Answers.framework */; };
		03E6620E1F3F198300630331 /* Answers.framework in Frameworks */ = {isa = PBXBuildFile; fileRef = 03E662001F3F198300630331 /* Answers.framework */; };
		03E6620F1F3F198300630331 /* Answers.framework in Frameworks */ = {isa = PBXBuildFile; fileRef = 03E662001F3F198300630331 /* Answers.framework */; };
		03E662101F3F198300630331 /* Answers.framework in Frameworks */ = {isa = PBXBuildFile; fileRef = 03E662001F3F198300630331 /* Answers.framework */; };
		03EC5D7B1F83612200A2ABA0 /* AddBackground.swift in Sources */ = {isa = PBXBuildFile; fileRef = 03EC5D7A1F83612200A2ABA0 /* AddBackground.swift */; };
/* End PBXBuildFile section */

/* Begin PBXContainerItemProxy section */
		036C04CE1EC9B40A006DEBBA /* PBXContainerItemProxy */ = {
			isa = PBXContainerItemProxy;
			containerPortal = 032FD9421EC6ED6400F488E9 /* Project object */;
			proxyType = 1;
			remoteGlobalIDString = 036C04C41EC9B40A006DEBBA;
			remoteInfo = ForPpu_Blue;
		};
		036C04E41EC9B610006DEBBA /* PBXContainerItemProxy */ = {
			isa = PBXContainerItemProxy;
			containerPortal = 032FD9421EC6ED6400F488E9 /* Project object */;
			proxyType = 1;
			remoteGlobalIDString = 036C04DA1EC9B610006DEBBA;
			remoteInfo = ForPpu_Green;
		};
		036C04FB1ECAC783006DEBBA /* PBXContainerItemProxy */ = {
			isa = PBXContainerItemProxy;
			containerPortal = 032FD9421EC6ED6400F488E9 /* Project object */;
			proxyType = 1;
			remoteGlobalIDString = 036C04F11ECAC783006DEBBA;
			remoteInfo = ForPpu_Red;
		};
		036C050E1ECAC7CD006DEBBA /* PBXContainerItemProxy */ = {
			isa = PBXContainerItemProxy;
			containerPortal = 032FD9421EC6ED6400F488E9 /* Project object */;
			proxyType = 1;
			remoteGlobalIDString = 036C05041ECAC7CD006DEBBA;
			remoteInfo = ForPpu_Orange;
		};
		036C05211ECAC7DF006DEBBA /* PBXContainerItemProxy */ = {
			isa = PBXContainerItemProxy;
			containerPortal = 032FD9421EC6ED6400F488E9 /* Project object */;
			proxyType = 1;
			remoteGlobalIDString = 036C05171ECAC7DF006DEBBA;
			remoteInfo = ForPpu_Yellow;
		};
		036C05341ECAC7F0006DEBBA /* PBXContainerItemProxy */ = {
			isa = PBXContainerItemProxy;
			containerPortal = 032FD9421EC6ED6400F488E9 /* Project object */;
			proxyType = 1;
			remoteGlobalIDString = 036C052A1ECAC7F0006DEBBA;
			remoteInfo = ForPpu_Indigo;
		};
		036C05471ECAC7FC006DEBBA /* PBXContainerItemProxy */ = {
			isa = PBXContainerItemProxy;
			containerPortal = 032FD9421EC6ED6400F488E9 /* Project object */;
			proxyType = 1;
			remoteGlobalIDString = 036C053D1ECAC7FC006DEBBA;
			remoteInfo = ForPpu_Violet;
		};
/* End PBXContainerItemProxy section */

/* Begin PBXCopyFilesBuildPhase section */
		032FD9781EC6F69100F488E9 /* Embed App Extensions */ = {
			isa = PBXCopyFilesBuildPhase;
			buildActionMask = 2147483647;
			dstPath = "";
			dstSubfolderSpec = 13;
			files = (
				036C05361ECAC7F0006DEBBA /* ForPpu_Indigo.appex in Embed App Extensions */,
				036C04FD1ECAC783006DEBBA /* ForPpu_Red.appex in Embed App Extensions */,
				036C04D01EC9B40A006DEBBA /* ForPpu_Blue.appex in Embed App Extensions */,
				036C05491ECAC7FC006DEBBA /* ForPpu_Violet.appex in Embed App Extensions */,
				036C04E61EC9B610006DEBBA /* ForPpu_Green.appex in Embed App Extensions */,
				036C05101ECAC7CD006DEBBA /* ForPpu_Orange.appex in Embed App Extensions */,
				036C05231ECAC7DF006DEBBA /* ForPpu_Yellow.appex in Embed App Extensions */,
			);
			name = "Embed App Extensions";
			runOnlyForDeploymentPostprocessing = 0;
		};
/* End PBXCopyFilesBuildPhase section */

/* Begin PBXFileReference section */
		031E9E371EE3FAD1009E7966 /* ScreenBrightnessManager.swift */ = {isa = PBXFileReference; fileEncoding = 4; lastKnownFileType = sourcecode.swift; path = ScreenBrightnessManager.swift; sourceTree = "<group>"; };
		031E9E3B1EE456AD009E7966 /* InfoManager.swift */ = {isa = PBXFileReference; fileEncoding = 4; lastKnownFileType = sourcecode.swift; path = InfoManager.swift; sourceTree = "<group>"; };
		031E9E3F1EE527D8009E7966 /* InfoTableViewController.swift */ = {isa = PBXFileReference; fileEncoding = 4; lastKnownFileType = sourcecode.swift; path = InfoTableViewController.swift; sourceTree = "<group>"; };
		031E9E411EE53BE4009E7966 /* InfoDetailViewController.swift */ = {isa = PBXFileReference; fileEncoding = 4; lastKnownFileType = sourcecode.swift; path = InfoDetailViewController.swift; sourceTree = "<group>"; };
		031E9E551EE566AE009E7966 /* VersoinManager.swift */ = {isa = PBXFileReference; fileEncoding = 4; lastKnownFileType = sourcecode.swift; path = VersoinManager.swift; sourceTree = "<group>"; };
		0328AB851EC72CAA00D2C681 /* WedgetDataCenter.swift */ = {isa = PBXFileReference; fileEncoding = 4; lastKnownFileType = sourcecode.swift; path = WedgetDataCenter.swift; sourceTree = "<group>"; };
		0328AB871EC72CE200D2C681 /* DataRepository.swift */ = {isa = PBXFileReference; fileEncoding = 4; lastKnownFileType = sourcecode.swift; path = DataRepository.swift; sourceTree = "<group>"; };
		0328AB8A1EC72F6F00D2C681 /* ForPpu.entitlements */ = {isa = PBXFileReference; lastKnownFileType = text.plist.entitlements; path = ForPpu.entitlements; sourceTree = "<group>"; };
		032FD94A1EC6ED6400F488E9 /* ForPpu.app */ = {isa = PBXFileReference; explicitFileType = wrapper.application; includeInIndex = 0; path = ForPpu.app; sourceTree = BUILT_PRODUCTS_DIR; };
		032FD94D1EC6ED6400F488E9 /* AppDelegate.swift */ = {isa = PBXFileReference; lastKnownFileType = sourcecode.swift; path = AppDelegate.swift; sourceTree = "<group>"; };
		032FD9521EC6ED6400F488E9 /* Base */ = {isa = PBXFileReference; lastKnownFileType = file.storyboard; name = Base; path = Base.lproj/Main.storyboard; sourceTree = "<group>"; };
		032FD9541EC6ED6400F488E9 /* Assets.xcassets */ = {isa = PBXFileReference; lastKnownFileType = folder.assetcatalog; path = Assets.xcassets; sourceTree = "<group>"; };
		032FD9571EC6ED6400F488E9 /* Base */ = {isa = PBXFileReference; lastKnownFileType = file.storyboard; name = Base; path = Base.lproj/LaunchScreen.storyboard; sourceTree = "<group>"; };
		032FD9591EC6ED6400F488E9 /* Info.plist */ = {isa = PBXFileReference; lastKnownFileType = text.plist.xml; path = Info.plist; sourceTree = "<group>"; };
		032FD95F1EC6EDF000F488E9 /* MainTableViewController.swift */ = {isa = PBXFileReference; fileEncoding = 4; lastKnownFileType = sourcecode.swift; path = MainTableViewController.swift; sourceTree = "<group>"; };
		032FD9611EC6F08A00F488E9 /* AddTableViewController.swift */ = {isa = PBXFileReference; fileEncoding = 4; lastKnownFileType = sourcecode.swift; path = AddTableViewController.swift; sourceTree = "<group>"; };
		032FD9691EC6F69100F488E9 /* NotificationCenter.framework */ = {isa = PBXFileReference; lastKnownFileType = wrapper.framework; name = NotificationCenter.framework; path = System/Library/Frameworks/NotificationCenter.framework; sourceTree = SDKROOT; };
		032FD9A11EC6FD2800F488E9 /* SharedMemoryContext.swift */ = {isa = PBXFileReference; fileEncoding = 4; lastKnownFileType = sourcecode.swift; path = SharedMemoryContext.swift; sourceTree = "<group>"; };
		033EACBB1EE13C4900D180B7 /* BarcodeReaderViewController.swift */ = {isa = PBXFileReference; fileEncoding = 4; lastKnownFileType = sourcecode.swift; path = BarcodeReaderViewController.swift; sourceTree = "<group>"; };
		034743D41ED531AA0039DABE /* FullScreenImageViewController.swift */ = {isa = PBXFileReference; fileEncoding = 4; lastKnownFileType = sourcecode.swift; path = FullScreenImageViewController.swift; sourceTree = "<group>"; };
		034743D61ED56BCB0039DABE /* ko */ = {isa = PBXFileReference; lastKnownFileType = text.plist.strings; name = ko; path = ko.lproj/Main.strings; sourceTree = "<group>"; };
		034743D71ED56BCC0039DABE /* ko */ = {isa = PBXFileReference; lastKnownFileType = text.plist.strings; name = ko; path = ko.lproj/LaunchScreen.strings; sourceTree = "<group>"; };
		034743D81ED56BCC0039DABE /* ko */ = {isa = PBXFileReference; lastKnownFileType = text.plist.strings; name = ko; path = ko.lproj/MainInterface.strings; sourceTree = "<group>"; };
		034743D91ED56BCC0039DABE /* ko */ = {isa = PBXFileReference; lastKnownFileType = text.plist.strings; name = ko; path = ko.lproj/MainInterface.strings; sourceTree = "<group>"; };
		034743DA1ED56BCD0039DABE /* ko */ = {isa = PBXFileReference; lastKnownFileType = text.plist.strings; name = ko; path = ko.lproj/MainInterface.strings; sourceTree = "<group>"; };
		034743DB1ED56BCD0039DABE /* ko */ = {isa = PBXFileReference; lastKnownFileType = text.plist.strings; name = ko; path = ko.lproj/MainInterface.strings; sourceTree = "<group>"; };
		034743DC1ED56BCE0039DABE /* ko */ = {isa = PBXFileReference; lastKnownFileType = text.plist.strings; name = ko; path = ko.lproj/MainInterface.strings; sourceTree = "<group>"; };
		034743DD1ED56BCE0039DABE /* ko */ = {isa = PBXFileReference; lastKnownFileType = text.plist.strings; name = ko; path = ko.lproj/MainInterface.strings; sourceTree = "<group>"; };
		034743DE1ED56BCE0039DABE /* ko */ = {isa = PBXFileReference; lastKnownFileType = text.plist.strings; name = ko; path = ko.lproj/MainInterface.strings; sourceTree = "<group>"; };
		034743E01ED56C720039DABE /* en */ = {isa = PBXFileReference; lastKnownFileType = text.plist.strings; name = en; path = en.lproj/Main.strings; sourceTree = "<group>"; };
		034743E21ED56C8B0039DABE /* en */ = {isa = PBXFileReference; lastKnownFileType = text.plist.strings; name = en; path = en.lproj/MainInterface.strings; sourceTree = "<group>"; };
		034743E41ED56C940039DABE /* en */ = {isa = PBXFileReference; lastKnownFileType = text.plist.strings; name = en; path = en.lproj/MainInterface.strings; sourceTree = "<group>"; };
		034743E61ED56C9D0039DABE /* en */ = {isa = PBXFileReference; lastKnownFileType = text.plist.strings; name = en; path = en.lproj/MainInterface.strings; sourceTree = "<group>"; };
		034743E81ED56CA50039DABE /* en */ = {isa = PBXFileReference; lastKnownFileType = text.plist.strings; name = en; path = en.lproj/MainInterface.strings; sourceTree = "<group>"; };
		034743EA1ED56CAC0039DABE /* en */ = {isa = PBXFileReference; lastKnownFileType = text.plist.strings; name = en; path = en.lproj/MainInterface.strings; sourceTree = "<group>"; };
		034743EC1ED56CB10039DABE /* en */ = {isa = PBXFileReference; lastKnownFileType = text.plist.strings; name = en; path = en.lproj/MainInterface.strings; sourceTree = "<group>"; };
		034743EE1ED56CBA0039DABE /* en */ = {isa = PBXFileReference; lastKnownFileType = text.plist.strings; name = en; path = en.lproj/MainInterface.strings; sourceTree = "<group>"; };
		034744171ED579BF0039DABE /* ko */ = {isa = PBXFileReference; lastKnownFileType = text.plist.strings; name = ko; path = ko.lproj/Korean.strings; sourceTree = "<group>"; };
		036C04941EC94C56006DEBBA /* ColorManager.swift */ = {isa = PBXFileReference; fileEncoding = 4; lastKnownFileType = sourcecode.swift; path = ColorManager.swift; sourceTree = "<group>"; };
		036C04C51EC9B40A006DEBBA /* ForPpu_Blue.appex */ = {isa = PBXFileReference; explicitFileType = "wrapper.app-extension"; includeInIndex = 0; path = ForPpu_Blue.appex; sourceTree = BUILT_PRODUCTS_DIR; };
		036C04C81EC9B40A006DEBBA /* TodayViewController.swift */ = {isa = PBXFileReference; lastKnownFileType = sourcecode.swift; path = TodayViewController.swift; sourceTree = "<group>"; };
		036C04CB1EC9B40A006DEBBA /* Base */ = {isa = PBXFileReference; lastKnownFileType = file.storyboard; name = Base; path = Base.lproj/MainInterface.storyboard; sourceTree = "<group>"; };
		036C04CD1EC9B40A006DEBBA /* Info.plist */ = {isa = PBXFileReference; lastKnownFileType = text.plist.xml; path = Info.plist; sourceTree = "<group>"; };
		036C04D61EC9B4B1006DEBBA /* ForPpu_Blue.entitlements */ = {isa = PBXFileReference; lastKnownFileType = text.plist.entitlements; path = ForPpu_Blue.entitlements; sourceTree = "<group>"; };
		036C04DB1EC9B610006DEBBA /* ForPpu_Green.appex */ = {isa = PBXFileReference; explicitFileType = "wrapper.app-extension"; includeInIndex = 0; path = ForPpu_Green.appex; sourceTree = BUILT_PRODUCTS_DIR; };
		036C04DE1EC9B610006DEBBA /* TodayViewController.swift */ = {isa = PBXFileReference; lastKnownFileType = sourcecode.swift; path = TodayViewController.swift; sourceTree = "<group>"; };
		036C04E11EC9B610006DEBBA /* Base */ = {isa = PBXFileReference; lastKnownFileType = file.storyboard; name = Base; path = Base.lproj/MainInterface.storyboard; sourceTree = "<group>"; };
		036C04E31EC9B610006DEBBA /* Info.plist */ = {isa = PBXFileReference; lastKnownFileType = text.plist.xml; path = Info.plist; sourceTree = "<group>"; };
		036C04EA1EC9B65F006DEBBA /* ForPpu_Green.entitlements */ = {isa = PBXFileReference; lastKnownFileType = text.plist.entitlements; path = ForPpu_Green.entitlements; sourceTree = "<group>"; };
		036C04EB1EC9B68C006DEBBA /* SendDataBoxGreen.swift */ = {isa = PBXFileReference; fileEncoding = 4; lastKnownFileType = sourcecode.swift; path = SendDataBoxGreen.swift; sourceTree = "<group>"; };
		036C04F21ECAC783006DEBBA /* ForPpu_Red.appex */ = {isa = PBXFileReference; explicitFileType = "wrapper.app-extension"; includeInIndex = 0; path = ForPpu_Red.appex; sourceTree = BUILT_PRODUCTS_DIR; };
		036C04F51ECAC783006DEBBA /* TodayViewController.swift */ = {isa = PBXFileReference; lastKnownFileType = sourcecode.swift; path = TodayViewController.swift; sourceTree = "<group>"; };
		036C04F81ECAC783006DEBBA /* Base */ = {isa = PBXFileReference; lastKnownFileType = file.storyboard; name = Base; path = Base.lproj/MainInterface.storyboard; sourceTree = "<group>"; };
		036C04FA1ECAC783006DEBBA /* Info.plist */ = {isa = PBXFileReference; lastKnownFileType = text.plist.xml; path = Info.plist; sourceTree = "<group>"; };
		036C05051ECAC7CD006DEBBA /* ForPpu_Orange.appex */ = {isa = PBXFileReference; explicitFileType = "wrapper.app-extension"; includeInIndex = 0; path = ForPpu_Orange.appex; sourceTree = BUILT_PRODUCTS_DIR; };
		036C05081ECAC7CD006DEBBA /* TodayViewController.swift */ = {isa = PBXFileReference; lastKnownFileType = sourcecode.swift; path = TodayViewController.swift; sourceTree = "<group>"; };
		036C050B1ECAC7CD006DEBBA /* Base */ = {isa = PBXFileReference; lastKnownFileType = file.storyboard; name = Base; path = Base.lproj/MainInterface.storyboard; sourceTree = "<group>"; };
		036C050D1ECAC7CD006DEBBA /* Info.plist */ = {isa = PBXFileReference; lastKnownFileType = text.plist.xml; path = Info.plist; sourceTree = "<group>"; };
		036C05181ECAC7DF006DEBBA /* ForPpu_Yellow.appex */ = {isa = PBXFileReference; explicitFileType = "wrapper.app-extension"; includeInIndex = 0; path = ForPpu_Yellow.appex; sourceTree = BUILT_PRODUCTS_DIR; };
		036C051B1ECAC7DF006DEBBA /* TodayViewController.swift */ = {isa = PBXFileReference; lastKnownFileType = sourcecode.swift; path = TodayViewController.swift; sourceTree = "<group>"; };
		036C051E1ECAC7DF006DEBBA /* Base */ = {isa = PBXFileReference; lastKnownFileType = file.storyboard; name = Base; path = Base.lproj/MainInterface.storyboard; sourceTree = "<group>"; };
		036C05201ECAC7DF006DEBBA /* Info.plist */ = {isa = PBXFileReference; lastKnownFileType = text.plist.xml; path = Info.plist; sourceTree = "<group>"; };
		036C052B1ECAC7F0006DEBBA /* ForPpu_Indigo.appex */ = {isa = PBXFileReference; explicitFileType = "wrapper.app-extension"; includeInIndex = 0; path = ForPpu_Indigo.appex; sourceTree = BUILT_PRODUCTS_DIR; };
		036C052E1ECAC7F0006DEBBA /* TodayViewController.swift */ = {isa = PBXFileReference; lastKnownFileType = sourcecode.swift; path = TodayViewController.swift; sourceTree = "<group>"; };
		036C05311ECAC7F0006DEBBA /* Base */ = {isa = PBXFileReference; lastKnownFileType = file.storyboard; name = Base; path = Base.lproj/MainInterface.storyboard; sourceTree = "<group>"; };
		036C05331ECAC7F0006DEBBA /* Info.plist */ = {isa = PBXFileReference; lastKnownFileType = text.plist.xml; path = Info.plist; sourceTree = "<group>"; };
		036C053E1ECAC7FC006DEBBA /* ForPpu_Violet.appex */ = {isa = PBXFileReference; explicitFileType = "wrapper.app-extension"; includeInIndex = 0; path = ForPpu_Violet.appex; sourceTree = BUILT_PRODUCTS_DIR; };
		036C05411ECAC7FC006DEBBA /* TodayViewController.swift */ = {isa = PBXFileReference; lastKnownFileType = sourcecode.swift; path = TodayViewController.swift; sourceTree = "<group>"; };
		036C05441ECAC7FC006DEBBA /* Base */ = {isa = PBXFileReference; lastKnownFileType = file.storyboard; name = Base; path = Base.lproj/MainInterface.storyboard; sourceTree = "<group>"; };
		036C05461ECAC7FC006DEBBA /* Info.plist */ = {isa = PBXFileReference; lastKnownFileType = text.plist.xml; path = Info.plist; sourceTree = "<group>"; };
		036C054D1ECAC838006DEBBA /* ForPpu_Red.entitlements */ = {isa = PBXFileReference; lastKnownFileType = text.plist.entitlements; path = ForPpu_Red.entitlements; sourceTree = "<group>"; };
		036C054E1ECAC847006DEBBA /* ForPpu_Orange.entitlements */ = {isa = PBXFileReference; lastKnownFileType = text.plist.entitlements; path = ForPpu_Orange.entitlements; sourceTree = "<group>"; };
		036C054F1ECAC84C006DEBBA /* ForPpu_Yellow.entitlements */ = {isa = PBXFileReference; lastKnownFileType = text.plist.entitlements; path = ForPpu_Yellow.entitlements; sourceTree = "<group>"; };
		036C05501ECAC868006DEBBA /* ForPpu_Indigo.entitlements */ = {isa = PBXFileReference; lastKnownFileType = text.plist.entitlements; path = ForPpu_Indigo.entitlements; sourceTree = "<group>"; };
		036C05511ECAC874006DEBBA /* ForPpu_Violet.entitlements */ = {isa = PBXFileReference; lastKnownFileType = text.plist.entitlements; path = ForPpu_Violet.entitlements; sourceTree = "<group>"; };
		036C05521ECAC957006DEBBA /* SendDataBoxRed.swift */ = {isa = PBXFileReference; fileEncoding = 4; lastKnownFileType = sourcecode.swift; path = SendDataBoxRed.swift; sourceTree = "<group>"; };
		036C05541ECAC99F006DEBBA /* SendDataBoxOrange.swift */ = {isa = PBXFileReference; fileEncoding = 4; lastKnownFileType = sourcecode.swift; path = SendDataBoxOrange.swift; sourceTree = "<group>"; };
		036C05561ECAC9E8006DEBBA /* SendDataBoxYellow.swift */ = {isa = PBXFileReference; fileEncoding = 4; lastKnownFileType = sourcecode.swift; path = SendDataBoxYellow.swift; sourceTree = "<group>"; };
		036C05581ECACA2C006DEBBA /* SendDataBoxBlue.swift */ = {isa = PBXFileReference; fileEncoding = 4; lastKnownFileType = sourcecode.swift; path = SendDataBoxBlue.swift; sourceTree = "<group>"; };
		036C055A1ECACABF006DEBBA /* SendDataBoxIndigo.swift */ = {isa = PBXFileReference; fileEncoding = 4; lastKnownFileType = sourcecode.swift; path = SendDataBoxIndigo.swift; sourceTree = "<group>"; };
		036C055C1ECACAF5006DEBBA /* SendDataBoxViolet.swift */ = {isa = PBXFileReference; fileEncoding = 4; lastKnownFileType = sourcecode.swift; path = SendDataBoxViolet.swift; sourceTree = "<group>"; };
		03E661FF1F3F198300630331 /* Fabric.framework */ = {isa = PBXFileReference; lastKnownFileType = wrapper.framework; path = Fabric.framework; sourceTree = "<group>"; };
		03E662001F3F198300630331 /* Answers.framework */ = {isa = PBXFileReference; lastKnownFileType = wrapper.framework; path = Answers.framework; sourceTree = "<group>"; };
		03EC5D7A1F83612200A2ABA0 /* AddBackground.swift */ = {isa = PBXFileReference; lastKnownFileType = sourcecode.swift; path = AddBackground.swift; sourceTree = "<group>"; };
/* End PBXFileReference section */

/* Begin PBXFrameworksBuildPhase section */
		032FD9471EC6ED6400F488E9 /* Frameworks */ = {
			isa = PBXFrameworksBuildPhase;
			buildActionMask = 2147483647;
			files = (
				03E662091F3F198300630331 /* Answers.framework in Frameworks */,
				03E662011F3F198300630331 /* Fabric.framework in Frameworks */,
			);
			runOnlyForDeploymentPostprocessing = 0;
		};
		036C04C21EC9B40A006DEBBA /* Frameworks */ = {
			isa = PBXFrameworksBuildPhase;
			buildActionMask = 2147483647;
			files = (
				03E6620E1F3F198300630331 /* Answers.framework in Frameworks */,
				036C04C61EC9B40A006DEBBA /* NotificationCenter.framework in Frameworks */,
				03E662061F3F198300630331 /* Fabric.framework in Frameworks */,
			);
			runOnlyForDeploymentPostprocessing = 0;
		};
		036C04D81EC9B610006DEBBA /* Frameworks */ = {
			isa = PBXFrameworksBuildPhase;
			buildActionMask = 2147483647;
			files = (
				03E6620D1F3F198300630331 /* Answers.framework in Frameworks */,
				036C04DC1EC9B610006DEBBA /* NotificationCenter.framework in Frameworks */,
				03E662051F3F198300630331 /* Fabric.framework in Frameworks */,
			);
			runOnlyForDeploymentPostprocessing = 0;
		};
		036C04EF1ECAC783006DEBBA /* Frameworks */ = {
			isa = PBXFrameworksBuildPhase;
			buildActionMask = 2147483647;
			files = (
				03E6620A1F3F198300630331 /* Answers.framework in Frameworks */,
				036C04F31ECAC783006DEBBA /* NotificationCenter.framework in Frameworks */,
				03E662021F3F198300630331 /* Fabric.framework in Frameworks */,
			);
			runOnlyForDeploymentPostprocessing = 0;
		};
		036C05021ECAC7CD006DEBBA /* Frameworks */ = {
			isa = PBXFrameworksBuildPhase;
			buildActionMask = 2147483647;
			files = (
				03E6620B1F3F198300630331 /* Answers.framework in Frameworks */,
				036C05061ECAC7CD006DEBBA /* NotificationCenter.framework in Frameworks */,
				03E662031F3F198300630331 /* Fabric.framework in Frameworks */,
			);
			runOnlyForDeploymentPostprocessing = 0;
		};
		036C05151ECAC7DF006DEBBA /* Frameworks */ = {
			isa = PBXFrameworksBuildPhase;
			buildActionMask = 2147483647;
			files = (
				03E6620C1F3F198300630331 /* Answers.framework in Frameworks */,
				036C05191ECAC7DF006DEBBA /* NotificationCenter.framework in Frameworks */,
				03E662041F3F198300630331 /* Fabric.framework in Frameworks */,
			);
			runOnlyForDeploymentPostprocessing = 0;
		};
		036C05281ECAC7F0006DEBBA /* Frameworks */ = {
			isa = PBXFrameworksBuildPhase;
			buildActionMask = 2147483647;
			files = (
				03E6620F1F3F198300630331 /* Answers.framework in Frameworks */,
				036C052C1ECAC7F0006DEBBA /* NotificationCenter.framework in Frameworks */,
				03E662071F3F198300630331 /* Fabric.framework in Frameworks */,
			);
			runOnlyForDeploymentPostprocessing = 0;
		};
		036C053B1ECAC7FC006DEBBA /* Frameworks */ = {
			isa = PBXFrameworksBuildPhase;
			buildActionMask = 2147483647;
			files = (
				03E662101F3F198300630331 /* Answers.framework in Frameworks */,
				036C053F1ECAC7FC006DEBBA /* NotificationCenter.framework in Frameworks */,
				03E662081F3F198300630331 /* Fabric.framework in Frameworks */,
			);
			runOnlyForDeploymentPostprocessing = 0;
		};
/* End PBXFrameworksBuildPhase section */

/* Begin PBXGroup section */
		032FD9411EC6ED6400F488E9 = {
			isa = PBXGroup;
			children = (
				032FD94C1EC6ED6400F488E9 /* ForPpu */,
				036C04F41ECAC783006DEBBA /* ForPpu_Red */,
				036C05071ECAC7CD006DEBBA /* ForPpu_Orange */,
				036C051A1ECAC7DF006DEBBA /* ForPpu_Yellow */,
				036C04DD1EC9B610006DEBBA /* ForPpu_Green */,
				036C04C71EC9B40A006DEBBA /* ForPpu_Blue */,
				036C052D1ECAC7F0006DEBBA /* ForPpu_Indigo */,
				036C05401ECAC7FC006DEBBA /* ForPpu_Violet */,
				032FD9681EC6F69100F488E9 /* Frameworks */,
				032FD94B1EC6ED6400F488E9 /* Products */,
			);
			sourceTree = "<group>";
		};
		032FD94B1EC6ED6400F488E9 /* Products */ = {
			isa = PBXGroup;
			children = (
				032FD94A1EC6ED6400F488E9 /* ForPpu.app */,
				036C04C51EC9B40A006DEBBA /* ForPpu_Blue.appex */,
				036C04DB1EC9B610006DEBBA /* ForPpu_Green.appex */,
				036C04F21ECAC783006DEBBA /* ForPpu_Red.appex */,
				036C05051ECAC7CD006DEBBA /* ForPpu_Orange.appex */,
				036C05181ECAC7DF006DEBBA /* ForPpu_Yellow.appex */,
				036C052B1ECAC7F0006DEBBA /* ForPpu_Indigo.appex */,
				036C053E1ECAC7FC006DEBBA /* ForPpu_Violet.appex */,
			);
			name = Products;
			sourceTree = "<group>";
		};
		032FD94C1EC6ED6400F488E9 /* ForPpu */ = {
			isa = PBXGroup;
			children = (
				03E661FF1F3F198300630331 /* Fabric.framework */,
				03E662001F3F198300630331 /* Answers.framework */,
				0328AB8A1EC72F6F00D2C681 /* ForPpu.entitlements */,
				037C814E1ECEE07000D37ACD /* resource */,
				033EACBA1EE13AD700D180B7 /* Support */,
				033EACB91EE13AB500D180B7 /* View */,
				033EACB81EE13AAC00D180B7 /* Controller */,
				033EACB71EE13AA100D180B7 /* Model */,
				034744181ED579BF0039DABE /* Korean.strings */,
				032FD9511EC6ED6400F488E9 /* Main.storyboard */,
				032FD9561EC6ED6400F488E9 /* LaunchScreen.storyboard */,
				032FD9541EC6ED6400F488E9 /* Assets.xcassets */,
				032FD9591EC6ED6400F488E9 /* Info.plist */,
			);
			path = ForPpu;
			sourceTree = "<group>";
		};
		032FD9681EC6F69100F488E9 /* Frameworks */ = {
			isa = PBXGroup;
			children = (
				032FD9691EC6F69100F488E9 /* NotificationCenter.framework */,
			);
			name = Frameworks;
			sourceTree = "<group>";
		};
		033EACB71EE13AA100D180B7 /* Model */ = {
			isa = PBXGroup;
			children = (
				0328AB871EC72CE200D2C681 /* DataRepository.swift */,
				0328AB851EC72CAA00D2C681 /* WedgetDataCenter.swift */,
			);
			name = Model;
			sourceTree = "<group>";
		};
		033EACB81EE13AAC00D180B7 /* Controller */ = {
			isa = PBXGroup;
			children = (
				032FD95F1EC6EDF000F488E9 /* MainTableViewController.swift */,
				032FD9611EC6F08A00F488E9 /* AddTableViewController.swift */,
				033EACBB1EE13C4900D180B7 /* BarcodeReaderViewController.swift */,
				034743D41ED531AA0039DABE /* FullScreenImageViewController.swift */,
				031E9E3F1EE527D8009E7966 /* InfoTableViewController.swift */,
				031E9E411EE53BE4009E7966 /* InfoDetailViewController.swift */,
			);
			name = Controller;
			sourceTree = "<group>";
		};
		033EACB91EE13AB500D180B7 /* View */ = {
			isa = PBXGroup;
			children = (
			);
			name = View;
			sourceTree = "<group>";
		};
		033EACBA1EE13AD700D180B7 /* Support */ = {
			isa = PBXGroup;
			children = (
				032FD94D1EC6ED6400F488E9 /* AppDelegate.swift */,
				03EC5D7A1F83612200A2ABA0 /* AddBackground.swift */,
				032FD9A11EC6FD2800F488E9 /* SharedMemoryContext.swift */,
				036C04941EC94C56006DEBBA /* ColorManager.swift */,
				031E9E371EE3FAD1009E7966 /* ScreenBrightnessManager.swift */,
				031E9E3B1EE456AD009E7966 /* InfoManager.swift */,
				031E9E551EE566AE009E7966 /* VersoinManager.swift */,
			);
			name = Support;
			sourceTree = "<group>";
		};
		036C04C71EC9B40A006DEBBA /* ForPpu_Blue */ = {
			isa = PBXGroup;
			children = (
				036C04D61EC9B4B1006DEBBA /* ForPpu_Blue.entitlements */,
				036C04C81EC9B40A006DEBBA /* TodayViewController.swift */,
				036C05581ECACA2C006DEBBA /* SendDataBoxBlue.swift */,
				036C04CA1EC9B40A006DEBBA /* MainInterface.storyboard */,
				036C04CD1EC9B40A006DEBBA /* Info.plist */,
			);
			path = ForPpu_Blue;
			sourceTree = "<group>";
		};
		036C04DD1EC9B610006DEBBA /* ForPpu_Green */ = {
			isa = PBXGroup;
			children = (
				036C04EA1EC9B65F006DEBBA /* ForPpu_Green.entitlements */,
				036C04DE1EC9B610006DEBBA /* TodayViewController.swift */,
				036C04EB1EC9B68C006DEBBA /* SendDataBoxGreen.swift */,
				036C04E01EC9B610006DEBBA /* MainInterface.storyboard */,
				036C04E31EC9B610006DEBBA /* Info.plist */,
			);
			path = ForPpu_Green;
			sourceTree = "<group>";
		};
		036C04F41ECAC783006DEBBA /* ForPpu_Red */ = {
			isa = PBXGroup;
			children = (
				036C054D1ECAC838006DEBBA /* ForPpu_Red.entitlements */,
				036C04F51ECAC783006DEBBA /* TodayViewController.swift */,
				036C05521ECAC957006DEBBA /* SendDataBoxRed.swift */,
				036C04F71ECAC783006DEBBA /* MainInterface.storyboard */,
				036C04FA1ECAC783006DEBBA /* Info.plist */,
			);
			path = ForPpu_Red;
			sourceTree = "<group>";
		};
		036C05071ECAC7CD006DEBBA /* ForPpu_Orange */ = {
			isa = PBXGroup;
			children = (
				036C054E1ECAC847006DEBBA /* ForPpu_Orange.entitlements */,
				036C05081ECAC7CD006DEBBA /* TodayViewController.swift */,
				036C05541ECAC99F006DEBBA /* SendDataBoxOrange.swift */,
				036C050A1ECAC7CD006DEBBA /* MainInterface.storyboard */,
				036C050D1ECAC7CD006DEBBA /* Info.plist */,
			);
			path = ForPpu_Orange;
			sourceTree = "<group>";
		};
		036C051A1ECAC7DF006DEBBA /* ForPpu_Yellow */ = {
			isa = PBXGroup;
			children = (
				036C054F1ECAC84C006DEBBA /* ForPpu_Yellow.entitlements */,
				036C051B1ECAC7DF006DEBBA /* TodayViewController.swift */,
				036C05561ECAC9E8006DEBBA /* SendDataBoxYellow.swift */,
				036C051D1ECAC7DF006DEBBA /* MainInterface.storyboard */,
				036C05201ECAC7DF006DEBBA /* Info.plist */,
			);
			path = ForPpu_Yellow;
			sourceTree = "<group>";
		};
		036C052D1ECAC7F0006DEBBA /* ForPpu_Indigo */ = {
			isa = PBXGroup;
			children = (
				036C05501ECAC868006DEBBA /* ForPpu_Indigo.entitlements */,
				036C052E1ECAC7F0006DEBBA /* TodayViewController.swift */,
				036C055A1ECACABF006DEBBA /* SendDataBoxIndigo.swift */,
				036C05301ECAC7F0006DEBBA /* MainInterface.storyboard */,
				036C05331ECAC7F0006DEBBA /* Info.plist */,
			);
			path = ForPpu_Indigo;
			sourceTree = "<group>";
		};
		036C05401ECAC7FC006DEBBA /* ForPpu_Violet */ = {
			isa = PBXGroup;
			children = (
				036C05511ECAC874006DEBBA /* ForPpu_Violet.entitlements */,
				036C05411ECAC7FC006DEBBA /* TodayViewController.swift */,
				036C055C1ECACAF5006DEBBA /* SendDataBoxViolet.swift */,
				036C05431ECAC7FC006DEBBA /* MainInterface.storyboard */,
				036C05461ECAC7FC006DEBBA /* Info.plist */,
			);
			path = ForPpu_Violet;
			sourceTree = "<group>";
		};
		037C814E1ECEE07000D37ACD /* resource */ = {
			isa = PBXGroup;
			children = (
			);
			name = resource;
			sourceTree = "<group>";
		};
/* End PBXGroup section */

/* Begin PBXNativeTarget section */
		032FD9491EC6ED6400F488E9 /* ForPpu */ = {
			isa = PBXNativeTarget;
			buildConfigurationList = 032FD95C1EC6ED6400F488E9 /* Build configuration list for PBXNativeTarget "ForPpu" */;
			buildPhases = (
				032FD9461EC6ED6400F488E9 /* Sources */,
				032FD9471EC6ED6400F488E9 /* Frameworks */,
				032FD9481EC6ED6400F488E9 /* Resources */,
				032FD9781EC6F69100F488E9 /* Embed App Extensions */,
				03E661FE1F3F190800630331 /* ShellScript */,
			);
			buildRules = (
			);
			dependencies = (
				036C04CF1EC9B40A006DEBBA /* PBXTargetDependency */,
				036C04E51EC9B610006DEBBA /* PBXTargetDependency */,
				036C04FC1ECAC783006DEBBA /* PBXTargetDependency */,
				036C050F1ECAC7CD006DEBBA /* PBXTargetDependency */,
				036C05221ECAC7DF006DEBBA /* PBXTargetDependency */,
				036C05351ECAC7F0006DEBBA /* PBXTargetDependency */,
				036C05481ECAC7FC006DEBBA /* PBXTargetDependency */,
			);
			name = ForPpu;
			productName = ForPpu;
			productReference = 032FD94A1EC6ED6400F488E9 /* ForPpu.app */;
			productType = "com.apple.product-type.application";
		};
		036C04C41EC9B40A006DEBBA /* ForPpu_Blue */ = {
			isa = PBXNativeTarget;
			buildConfigurationList = 036C04D11EC9B40A006DEBBA /* Build configuration list for PBXNativeTarget "ForPpu_Blue" */;
			buildPhases = (
				036C04C11EC9B40A006DEBBA /* Sources */,
				036C04C21EC9B40A006DEBBA /* Frameworks */,
				036C04C31EC9B40A006DEBBA /* Resources */,
			);
			buildRules = (
			);
			dependencies = (
			);
			name = ForPpu_Blue;
			productName = ForPpu_Blue;
			productReference = 036C04C51EC9B40A006DEBBA /* ForPpu_Blue.appex */;
			productType = "com.apple.product-type.app-extension";
		};
		036C04DA1EC9B610006DEBBA /* ForPpu_Green */ = {
			isa = PBXNativeTarget;
			buildConfigurationList = 036C04E91EC9B610006DEBBA /* Build configuration list for PBXNativeTarget "ForPpu_Green" */;
			buildPhases = (
				036C04D71EC9B610006DEBBA /* Sources */,
				036C04D81EC9B610006DEBBA /* Frameworks */,
				036C04D91EC9B610006DEBBA /* Resources */,
			);
			buildRules = (
			);
			dependencies = (
			);
			name = ForPpu_Green;
			productName = ForPpu_Green;
			productReference = 036C04DB1EC9B610006DEBBA /* ForPpu_Green.appex */;
			productType = "com.apple.product-type.app-extension";
		};
		036C04F11ECAC783006DEBBA /* ForPpu_Red */ = {
			isa = PBXNativeTarget;
			buildConfigurationList = 036C04FE1ECAC783006DEBBA /* Build configuration list for PBXNativeTarget "ForPpu_Red" */;
			buildPhases = (
				036C04EE1ECAC783006DEBBA /* Sources */,
				036C04EF1ECAC783006DEBBA /* Frameworks */,
				036C04F01ECAC783006DEBBA /* Resources */,
			);
			buildRules = (
			);
			dependencies = (
			);
			name = ForPpu_Red;
			productName = ForPpu_Red;
			productReference = 036C04F21ECAC783006DEBBA /* ForPpu_Red.appex */;
			productType = "com.apple.product-type.app-extension";
		};
		036C05041ECAC7CD006DEBBA /* ForPpu_Orange */ = {
			isa = PBXNativeTarget;
			buildConfigurationList = 036C05111ECAC7CD006DEBBA /* Build configuration list for PBXNativeTarget "ForPpu_Orange" */;
			buildPhases = (
				036C05011ECAC7CD006DEBBA /* Sources */,
				036C05021ECAC7CD006DEBBA /* Frameworks */,
				036C05031ECAC7CD006DEBBA /* Resources */,
			);
			buildRules = (
			);
			dependencies = (
			);
			name = ForPpu_Orange;
			productName = ForPpu_Orange;
			productReference = 036C05051ECAC7CD006DEBBA /* ForPpu_Orange.appex */;
			productType = "com.apple.product-type.app-extension";
		};
		036C05171ECAC7DF006DEBBA /* ForPpu_Yellow */ = {
			isa = PBXNativeTarget;
			buildConfigurationList = 036C05241ECAC7DF006DEBBA /* Build configuration list for PBXNativeTarget "ForPpu_Yellow" */;
			buildPhases = (
				036C05141ECAC7DF006DEBBA /* Sources */,
				036C05151ECAC7DF006DEBBA /* Frameworks */,
				036C05161ECAC7DF006DEBBA /* Resources */,
			);
			buildRules = (
			);
			dependencies = (
			);
			name = ForPpu_Yellow;
			productName = ForPpu_Yellow;
			productReference = 036C05181ECAC7DF006DEBBA /* ForPpu_Yellow.appex */;
			productType = "com.apple.product-type.app-extension";
		};
		036C052A1ECAC7F0006DEBBA /* ForPpu_Indigo */ = {
			isa = PBXNativeTarget;
			buildConfigurationList = 036C05371ECAC7F0006DEBBA /* Build configuration list for PBXNativeTarget "ForPpu_Indigo" */;
			buildPhases = (
				036C05271ECAC7F0006DEBBA /* Sources */,
				036C05281ECAC7F0006DEBBA /* Frameworks */,
				036C05291ECAC7F0006DEBBA /* Resources */,
			);
			buildRules = (
			);
			dependencies = (
			);
			name = ForPpu_Indigo;
			productName = ForPpu_Indigo;
			productReference = 036C052B1ECAC7F0006DEBBA /* ForPpu_Indigo.appex */;
			productType = "com.apple.product-type.app-extension";
		};
		036C053D1ECAC7FC006DEBBA /* ForPpu_Violet */ = {
			isa = PBXNativeTarget;
			buildConfigurationList = 036C054A1ECAC7FC006DEBBA /* Build configuration list for PBXNativeTarget "ForPpu_Violet" */;
			buildPhases = (
				036C053A1ECAC7FC006DEBBA /* Sources */,
				036C053B1ECAC7FC006DEBBA /* Frameworks */,
				036C053C1ECAC7FC006DEBBA /* Resources */,
			);
			buildRules = (
			);
			dependencies = (
			);
			name = ForPpu_Violet;
			productName = ForPpu_Violet;
			productReference = 036C053E1ECAC7FC006DEBBA /* ForPpu_Violet.appex */;
			productType = "com.apple.product-type.app-extension";
		};
/* End PBXNativeTarget section */

/* Begin PBXProject section */
		032FD9421EC6ED6400F488E9 /* Project object */ = {
			isa = PBXProject;
			attributes = {
				LastSwiftUpdateCheck = 0830;
				LastUpgradeCheck = 0900;
				ORGANIZATIONNAME = baecheese;
				TargetAttributes = {
					032FD9491EC6ED6400F488E9 = {
						CreatedOnToolsVersion = 8.3.2;
						DevelopmentTeam = UT834J75J3;
						LastSwiftMigration = 0900;
						ProvisioningStyle = Manual;
						SystemCapabilities = {
							com.apple.ApplicationGroups.iOS = {
								enabled = 1;
							};
						};
					};
					036C04C41EC9B40A006DEBBA = {
						CreatedOnToolsVersion = 8.3.2;
						DevelopmentTeam = UT834J75J3;
						LastSwiftMigration = 0900;
						ProvisioningStyle = Manual;
						SystemCapabilities = {
							com.apple.ApplicationGroups.iOS = {
								enabled = 1;
							};
							com.apple.WAC = {
								enabled = 0;
							};
						};
					};
					036C04DA1EC9B610006DEBBA = {
						CreatedOnToolsVersion = 8.3.2;
						DevelopmentTeam = UT834J75J3;
						LastSwiftMigration = 0900;
						ProvisioningStyle = Manual;
						SystemCapabilities = {
							com.apple.ApplicationGroups.iOS = {
								enabled = 1;
							};
						};
					};
					036C04F11ECAC783006DEBBA = {
						CreatedOnToolsVersion = 8.3.2;
						DevelopmentTeam = UT834J75J3;
						LastSwiftMigration = 0900;
						ProvisioningStyle = Manual;
						SystemCapabilities = {
							com.apple.ApplicationGroups.iOS = {
								enabled = 1;
							};
						};
					};
					036C05041ECAC7CD006DEBBA = {
						CreatedOnToolsVersion = 8.3.2;
						DevelopmentTeam = UT834J75J3;
						LastSwiftMigration = 0900;
						ProvisioningStyle = Manual;
						SystemCapabilities = {
							com.apple.ApplicationGroups.iOS = {
								enabled = 1;
							};
						};
					};
					036C05171ECAC7DF006DEBBA = {
						CreatedOnToolsVersion = 8.3.2;
						DevelopmentTeam = UT834J75J3;
						LastSwiftMigration = 0900;
						ProvisioningStyle = Manual;
						SystemCapabilities = {
							com.apple.ApplicationGroups.iOS = {
								enabled = 1;
							};
						};
					};
					036C052A1ECAC7F0006DEBBA = {
						CreatedOnToolsVersion = 8.3.2;
						DevelopmentTeam = UT834J75J3;
						LastSwiftMigration = 0900;
						ProvisioningStyle = Manual;
						SystemCapabilities = {
							com.apple.ApplicationGroups.iOS = {
								enabled = 1;
							};
						};
					};
					036C053D1ECAC7FC006DEBBA = {
						CreatedOnToolsVersion = 8.3.2;
						DevelopmentTeam = UT834J75J3;
						LastSwiftMigration = 0900;
						ProvisioningStyle = Manual;
						SystemCapabilities = {
							com.apple.ApplicationGroups.iOS = {
								enabled = 1;
							};
						};
					};
				};
			};
			buildConfigurationList = 032FD9451EC6ED6400F488E9 /* Build configuration list for PBXProject "ForPpu" */;
			compatibilityVersion = "Xcode 3.2";
			developmentRegion = English;
			hasScannedForEncodings = 0;
			knownRegions = (
				en,
				Base,
			);
			mainGroup = 032FD9411EC6ED6400F488E9;
			productRefGroup = 032FD94B1EC6ED6400F488E9 /* Products */;
			projectDirPath = "";
			projectRoot = "";
			targets = (
				032FD9491EC6ED6400F488E9 /* ForPpu */,
				036C04F11ECAC783006DEBBA /* ForPpu_Red */,
				036C05041ECAC7CD006DEBBA /* ForPpu_Orange */,
				036C05171ECAC7DF006DEBBA /* ForPpu_Yellow */,
				036C04DA1EC9B610006DEBBA /* ForPpu_Green */,
				036C04C41EC9B40A006DEBBA /* ForPpu_Blue */,
				036C052A1ECAC7F0006DEBBA /* ForPpu_Indigo */,
				036C053D1ECAC7FC006DEBBA /* ForPpu_Violet */,
			);
		};
/* End PBXProject section */

/* Begin PBXResourcesBuildPhase section */
		032FD9481EC6ED6400F488E9 /* Resources */ = {
			isa = PBXResourcesBuildPhase;
			buildActionMask = 2147483647;
			files = (
				032FD9581EC6ED6400F488E9 /* LaunchScreen.storyboard in Resources */,
				032FD9551EC6ED6400F488E9 /* Assets.xcassets in Resources */,
				032FD9531EC6ED6400F488E9 /* Main.storyboard in Resources */,
				034744161ED579BF0039DABE /* Korean.strings in Resources */,
			);
			runOnlyForDeploymentPostprocessing = 0;
		};
		036C04C31EC9B40A006DEBBA /* Resources */ = {
			isa = PBXResourcesBuildPhase;
			buildActionMask = 2147483647;
			files = (
				036C04CC1EC9B40A006DEBBA /* MainInterface.storyboard in Resources */,
			);
			runOnlyForDeploymentPostprocessing = 0;
		};
		036C04D91EC9B610006DEBBA /* Resources */ = {
			isa = PBXResourcesBuildPhase;
			buildActionMask = 2147483647;
			files = (
				036C04E21EC9B610006DEBBA /* MainInterface.storyboard in Resources */,
			);
			runOnlyForDeploymentPostprocessing = 0;
		};
		036C04F01ECAC783006DEBBA /* Resources */ = {
			isa = PBXResourcesBuildPhase;
			buildActionMask = 2147483647;
			files = (
				036C04F91ECAC783006DEBBA /* MainInterface.storyboard in Resources */,
			);
			runOnlyForDeploymentPostprocessing = 0;
		};
		036C05031ECAC7CD006DEBBA /* Resources */ = {
			isa = PBXResourcesBuildPhase;
			buildActionMask = 2147483647;
			files = (
				036C050C1ECAC7CD006DEBBA /* MainInterface.storyboard in Resources */,
			);
			runOnlyForDeploymentPostprocessing = 0;
		};
		036C05161ECAC7DF006DEBBA /* Resources */ = {
			isa = PBXResourcesBuildPhase;
			buildActionMask = 2147483647;
			files = (
				036C051F1ECAC7DF006DEBBA /* MainInterface.storyboard in Resources */,
			);
			runOnlyForDeploymentPostprocessing = 0;
		};
		036C05291ECAC7F0006DEBBA /* Resources */ = {
			isa = PBXResourcesBuildPhase;
			buildActionMask = 2147483647;
			files = (
				036C05321ECAC7F0006DEBBA /* MainInterface.storyboard in Resources */,
			);
			runOnlyForDeploymentPostprocessing = 0;
		};
		036C053C1ECAC7FC006DEBBA /* Resources */ = {
			isa = PBXResourcesBuildPhase;
			buildActionMask = 2147483647;
			files = (
				036C05451ECAC7FC006DEBBA /* MainInterface.storyboard in Resources */,
			);
			runOnlyForDeploymentPostprocessing = 0;
		};
/* End PBXResourcesBuildPhase section */

/* Begin PBXShellScriptBuildPhase section */
		03E661FE1F3F190800630331 /* ShellScript */ = {
			isa = PBXShellScriptBuildPhase;
			buildActionMask = 2147483647;
			files = (
			);
			inputPaths = (
			);
			outputPaths = (
			);
			runOnlyForDeploymentPostprocessing = 0;
			shellPath = /bin/sh;
			shellScript = "./Fabric.framework/run 1c82887a5c94fcce2505dc868caa98da3519e4c2 cd52dbb0187ee419abda85493c2c911872e388db0ccd12f9f3c38aa13b19210c";
		};
/* End PBXShellScriptBuildPhase section */

/* Begin PBXSourcesBuildPhase section */
		032FD9461EC6ED6400F488E9 /* Sources */ = {
			isa = PBXSourcesBuildPhase;
			buildActionMask = 2147483647;
			files = (
				031E9E561EE566AE009E7966 /* VersoinManager.swift in Sources */,
				036C04951EC94C56006DEBBA /* ColorManager.swift in Sources */,
				032FD9A21EC6FD2900F488E9 /* SharedMemoryContext.swift in Sources */,
				032FD9601EC6EDF000F488E9 /* MainTableViewController.swift in Sources */,
				034743D51ED531AA0039DABE /* FullScreenImageViewController.swift in Sources */,
				03EC5D7B1F83612200A2ABA0 /* AddBackground.swift in Sources */,
				032FD94E1EC6ED6400F488E9 /* AppDelegate.swift in Sources */,
				033EACBC1EE13C4900D180B7 /* BarcodeReaderViewController.swift in Sources */,
				031E9E381EE3FAD1009E7966 /* ScreenBrightnessManager.swift in Sources */,
				031E9E421EE53BE4009E7966 /* InfoDetailViewController.swift in Sources */,
				0328AB861EC72CAA00D2C681 /* WedgetDataCenter.swift in Sources */,
				032FD9621EC6F08A00F488E9 /* AddTableViewController.swift in Sources */,
				031E9E401EE527D8009E7966 /* InfoTableViewController.swift in Sources */,
				0328AB881EC72CE200D2C681 /* DataRepository.swift in Sources */,
				031E9E3C1EE456AD009E7966 /* InfoManager.swift in Sources */,
			);
			runOnlyForDeploymentPostprocessing = 0;
		};
		036C04C11EC9B40A006DEBBA /* Sources */ = {
			isa = PBXSourcesBuildPhase;
			buildActionMask = 2147483647;
			files = (
				036C04C91EC9B40A006DEBBA /* TodayViewController.swift in Sources */,
				036C05591ECACA2C006DEBBA /* SendDataBoxBlue.swift in Sources */,
			);
			runOnlyForDeploymentPostprocessing = 0;
		};
		036C04D71EC9B610006DEBBA /* Sources */ = {
			isa = PBXSourcesBuildPhase;
			buildActionMask = 2147483647;
			files = (
				036C04DF1EC9B610006DEBBA /* TodayViewController.swift in Sources */,
				036C04EC1EC9B68C006DEBBA /* SendDataBoxGreen.swift in Sources */,
			);
			runOnlyForDeploymentPostprocessing = 0;
		};
		036C04EE1ECAC783006DEBBA /* Sources */ = {
			isa = PBXSourcesBuildPhase;
			buildActionMask = 2147483647;
			files = (
				036C04F61ECAC783006DEBBA /* TodayViewController.swift in Sources */,
				036C05531ECAC957006DEBBA /* SendDataBoxRed.swift in Sources */,
			);
			runOnlyForDeploymentPostprocessing = 0;
		};
		036C05011ECAC7CD006DEBBA /* Sources */ = {
			isa = PBXSourcesBuildPhase;
			buildActionMask = 2147483647;
			files = (
				036C05091ECAC7CD006DEBBA /* TodayViewController.swift in Sources */,
				036C05551ECAC99F006DEBBA /* SendDataBoxOrange.swift in Sources */,
			);
			runOnlyForDeploymentPostprocessing = 0;
		};
		036C05141ECAC7DF006DEBBA /* Sources */ = {
			isa = PBXSourcesBuildPhase;
			buildActionMask = 2147483647;
			files = (
				036C051C1ECAC7DF006DEBBA /* TodayViewController.swift in Sources */,
				036C05571ECAC9E8006DEBBA /* SendDataBoxYellow.swift in Sources */,
			);
			runOnlyForDeploymentPostprocessing = 0;
		};
		036C05271ECAC7F0006DEBBA /* Sources */ = {
			isa = PBXSourcesBuildPhase;
			buildActionMask = 2147483647;
			files = (
				036C052F1ECAC7F0006DEBBA /* TodayViewController.swift in Sources */,
				036C05611ECAD630006DEBBA /* SendDataBoxIndigo.swift in Sources */,
			);
			runOnlyForDeploymentPostprocessing = 0;
		};
		036C053A1ECAC7FC006DEBBA /* Sources */ = {
			isa = PBXSourcesBuildPhase;
			buildActionMask = 2147483647;
			files = (
				036C055D1ECACAF5006DEBBA /* SendDataBoxViolet.swift in Sources */,
				036C05421ECAC7FC006DEBBA /* TodayViewController.swift in Sources */,
			);
			runOnlyForDeploymentPostprocessing = 0;
		};
/* End PBXSourcesBuildPhase section */

/* Begin PBXTargetDependency section */
		036C04CF1EC9B40A006DEBBA /* PBXTargetDependency */ = {
			isa = PBXTargetDependency;
			target = 036C04C41EC9B40A006DEBBA /* ForPpu_Blue */;
			targetProxy = 036C04CE1EC9B40A006DEBBA /* PBXContainerItemProxy */;
		};
		036C04E51EC9B610006DEBBA /* PBXTargetDependency */ = {
			isa = PBXTargetDependency;
			target = 036C04DA1EC9B610006DEBBA /* ForPpu_Green */;
			targetProxy = 036C04E41EC9B610006DEBBA /* PBXContainerItemProxy */;
		};
		036C04FC1ECAC783006DEBBA /* PBXTargetDependency */ = {
			isa = PBXTargetDependency;
			target = 036C04F11ECAC783006DEBBA /* ForPpu_Red */;
			targetProxy = 036C04FB1ECAC783006DEBBA /* PBXContainerItemProxy */;
		};
		036C050F1ECAC7CD006DEBBA /* PBXTargetDependency */ = {
			isa = PBXTargetDependency;
			target = 036C05041ECAC7CD006DEBBA /* ForPpu_Orange */;
			targetProxy = 036C050E1ECAC7CD006DEBBA /* PBXContainerItemProxy */;
		};
		036C05221ECAC7DF006DEBBA /* PBXTargetDependency */ = {
			isa = PBXTargetDependency;
			target = 036C05171ECAC7DF006DEBBA /* ForPpu_Yellow */;
			targetProxy = 036C05211ECAC7DF006DEBBA /* PBXContainerItemProxy */;
		};
		036C05351ECAC7F0006DEBBA /* PBXTargetDependency */ = {
			isa = PBXTargetDependency;
			target = 036C052A1ECAC7F0006DEBBA /* ForPpu_Indigo */;
			targetProxy = 036C05341ECAC7F0006DEBBA /* PBXContainerItemProxy */;
		};
		036C05481ECAC7FC006DEBBA /* PBXTargetDependency */ = {
			isa = PBXTargetDependency;
			target = 036C053D1ECAC7FC006DEBBA /* ForPpu_Violet */;
			targetProxy = 036C05471ECAC7FC006DEBBA /* PBXContainerItemProxy */;
		};
/* End PBXTargetDependency section */

/* Begin PBXVariantGroup section */
		032FD9511EC6ED6400F488E9 /* Main.storyboard */ = {
			isa = PBXVariantGroup;
			children = (
				032FD9521EC6ED6400F488E9 /* Base */,
				034743D61ED56BCB0039DABE /* ko */,
				034743E01ED56C720039DABE /* en */,
			);
			name = Main.storyboard;
			sourceTree = "<group>";
		};
		032FD9561EC6ED6400F488E9 /* LaunchScreen.storyboard */ = {
			isa = PBXVariantGroup;
			children = (
				032FD9571EC6ED6400F488E9 /* Base */,
				034743D71ED56BCC0039DABE /* ko */,
			);
			name = LaunchScreen.storyboard;
			sourceTree = "<group>";
		};
		034744181ED579BF0039DABE /* Korean.strings */ = {
			isa = PBXVariantGroup;
			children = (
				034744171ED579BF0039DABE /* ko */,
			);
			name = Korean.strings;
			sourceTree = "<group>";
		};
		036C04CA1EC9B40A006DEBBA /* MainInterface.storyboard */ = {
			isa = PBXVariantGroup;
			children = (
				036C04CB1EC9B40A006DEBBA /* Base */,
				034743DC1ED56BCE0039DABE /* ko */,
				034743EA1ED56CAC0039DABE /* en */,
			);
			name = MainInterface.storyboard;
			sourceTree = "<group>";
		};
		036C04E01EC9B610006DEBBA /* MainInterface.storyboard */ = {
			isa = PBXVariantGroup;
			children = (
				036C04E11EC9B610006DEBBA /* Base */,
				034743DB1ED56BCD0039DABE /* ko */,
				034743E81ED56CA50039DABE /* en */,
			);
			name = MainInterface.storyboard;
			sourceTree = "<group>";
		};
		036C04F71ECAC783006DEBBA /* MainInterface.storyboard */ = {
			isa = PBXVariantGroup;
			children = (
				036C04F81ECAC783006DEBBA /* Base */,
				034743D81ED56BCC0039DABE /* ko */,
				034743E21ED56C8B0039DABE /* en */,
			);
			name = MainInterface.storyboard;
			sourceTree = "<group>";
		};
		036C050A1ECAC7CD006DEBBA /* MainInterface.storyboard */ = {
			isa = PBXVariantGroup;
			children = (
				036C050B1ECAC7CD006DEBBA /* Base */,
				034743D91ED56BCC0039DABE /* ko */,
				034743E41ED56C940039DABE /* en */,
			);
			name = MainInterface.storyboard;
			sourceTree = "<group>";
		};
		036C051D1ECAC7DF006DEBBA /* MainInterface.storyboard */ = {
			isa = PBXVariantGroup;
			children = (
				036C051E1ECAC7DF006DEBBA /* Base */,
				034743DA1ED56BCD0039DABE /* ko */,
				034743E61ED56C9D0039DABE /* en */,
			);
			name = MainInterface.storyboard;
			sourceTree = "<group>";
		};
		036C05301ECAC7F0006DEBBA /* MainInterface.storyboard */ = {
			isa = PBXVariantGroup;
			children = (
				036C05311ECAC7F0006DEBBA /* Base */,
				034743DD1ED56BCE0039DABE /* ko */,
				034743EC1ED56CB10039DABE /* en */,
			);
			name = MainInterface.storyboard;
			sourceTree = "<group>";
		};
		036C05431ECAC7FC006DEBBA /* MainInterface.storyboard */ = {
			isa = PBXVariantGroup;
			children = (
				036C05441ECAC7FC006DEBBA /* Base */,
				034743DE1ED56BCE0039DABE /* ko */,
				034743EE1ED56CBA0039DABE /* en */,
			);
			name = MainInterface.storyboard;
			sourceTree = "<group>";
		};
/* End PBXVariantGroup section */

/* Begin XCBuildConfiguration section */
		032FD95A1EC6ED6400F488E9 /* Debug */ = {
			isa = XCBuildConfiguration;
			buildSettings = {
				ALWAYS_SEARCH_USER_PATHS = NO;
				CLANG_ANALYZER_LOCALIZABILITY_NONLOCALIZED = YES;
				CLANG_ANALYZER_NONNULL = YES;
				CLANG_ANALYZER_NUMBER_OBJECT_CONVERSION = YES_AGGRESSIVE;
				CLANG_CXX_LANGUAGE_STANDARD = "gnu++0x";
				CLANG_CXX_LIBRARY = "libc++";
				CLANG_ENABLE_MODULES = YES;
				CLANG_ENABLE_OBJC_ARC = YES;
				CLANG_WARN_BLOCK_CAPTURE_AUTORELEASING = YES;
				CLANG_WARN_BOOL_CONVERSION = YES;
				CLANG_WARN_COMMA = YES;
				CLANG_WARN_CONSTANT_CONVERSION = YES;
				CLANG_WARN_DIRECT_OBJC_ISA_USAGE = YES_ERROR;
				CLANG_WARN_DOCUMENTATION_COMMENTS = YES;
				CLANG_WARN_EMPTY_BODY = YES;
				CLANG_WARN_ENUM_CONVERSION = YES;
				CLANG_WARN_INFINITE_RECURSION = YES;
				CLANG_WARN_INT_CONVERSION = YES;
				CLANG_WARN_NON_LITERAL_NULL_CONVERSION = YES;
				CLANG_WARN_OBJC_LITERAL_CONVERSION = YES;
				CLANG_WARN_OBJC_ROOT_CLASS = YES_ERROR;
				CLANG_WARN_RANGE_LOOP_ANALYSIS = YES;
				CLANG_WARN_STRICT_PROTOTYPES = YES;
				CLANG_WARN_SUSPICIOUS_MOVE = YES;
				CLANG_WARN_UNREACHABLE_CODE = YES;
				CLANG_WARN__DUPLICATE_METHOD_MATCH = YES;
				CODE_SIGN_IDENTITY = "iPhone Distribution";
				"CODE_SIGN_IDENTITY[sdk=iphoneos*]" = "iPhone Distribution";
				COPY_PHASE_STRIP = NO;
				DEBUG_INFORMATION_FORMAT = "dwarf-with-dsym";
				DEVELOPMENT_TEAM = UT834J75J3;
				ENABLE_STRICT_OBJC_MSGSEND = YES;
				ENABLE_TESTABILITY = YES;
				GCC_C_LANGUAGE_STANDARD = gnu99;
				GCC_DYNAMIC_NO_PIC = NO;
				GCC_NO_COMMON_BLOCKS = YES;
				GCC_OPTIMIZATION_LEVEL = 0;
				GCC_PREPROCESSOR_DEFINITIONS = (
					"DEBUG=1",
					"$(inherited)",
				);
				GCC_WARN_64_TO_32_BIT_CONVERSION = YES;
				GCC_WARN_ABOUT_RETURN_TYPE = YES_ERROR;
				GCC_WARN_UNDECLARED_SELECTOR = YES;
				GCC_WARN_UNINITIALIZED_AUTOS = YES_AGGRESSIVE;
				GCC_WARN_UNUSED_FUNCTION = YES;
				GCC_WARN_UNUSED_VARIABLE = YES;
				IPHONEOS_DEPLOYMENT_TARGET = 9.0;
				MTL_ENABLE_DEBUG_INFO = YES;
				ONLY_ACTIVE_ARCH = YES;
				SDKROOT = iphoneos;
				SWIFT_ACTIVE_COMPILATION_CONDITIONS = DEBUG;
				SWIFT_OPTIMIZATION_LEVEL = "-Onone";
				TARGETED_DEVICE_FAMILY = "1,2";
			};
			name = Debug;
		};
		032FD95B1EC6ED6400F488E9 /* Release */ = {
			isa = XCBuildConfiguration;
			buildSettings = {
				ALWAYS_SEARCH_USER_PATHS = NO;
				CLANG_ANALYZER_LOCALIZABILITY_NONLOCALIZED = YES;
				CLANG_ANALYZER_NONNULL = YES;
				CLANG_ANALYZER_NUMBER_OBJECT_CONVERSION = YES_AGGRESSIVE;
				CLANG_CXX_LANGUAGE_STANDARD = "gnu++0x";
				CLANG_CXX_LIBRARY = "libc++";
				CLANG_ENABLE_MODULES = YES;
				CLANG_ENABLE_OBJC_ARC = YES;
				CLANG_WARN_BLOCK_CAPTURE_AUTORELEASING = YES;
				CLANG_WARN_BOOL_CONVERSION = YES;
				CLANG_WARN_COMMA = YES;
				CLANG_WARN_CONSTANT_CONVERSION = YES;
				CLANG_WARN_DIRECT_OBJC_ISA_USAGE = YES_ERROR;
				CLANG_WARN_DOCUMENTATION_COMMENTS = YES;
				CLANG_WARN_EMPTY_BODY = YES;
				CLANG_WARN_ENUM_CONVERSION = YES;
				CLANG_WARN_INFINITE_RECURSION = YES;
				CLANG_WARN_INT_CONVERSION = YES;
				CLANG_WARN_NON_LITERAL_NULL_CONVERSION = YES;
				CLANG_WARN_OBJC_LITERAL_CONVERSION = YES;
				CLANG_WARN_OBJC_ROOT_CLASS = YES_ERROR;
				CLANG_WARN_RANGE_LOOP_ANALYSIS = YES;
				CLANG_WARN_STRICT_PROTOTYPES = YES;
				CLANG_WARN_SUSPICIOUS_MOVE = YES;
				CLANG_WARN_UNREACHABLE_CODE = YES;
				CLANG_WARN__DUPLICATE_METHOD_MATCH = YES;
				CODE_SIGN_IDENTITY = "iPhone Distribution";
				"CODE_SIGN_IDENTITY[sdk=iphoneos*]" = "iPhone Distribution";
				COPY_PHASE_STRIP = NO;
				DEBUG_INFORMATION_FORMAT = "dwarf-with-dsym";
				DEVELOPMENT_TEAM = UT834J75J3;
				ENABLE_NS_ASSERTIONS = NO;
				ENABLE_STRICT_OBJC_MSGSEND = YES;
				GCC_C_LANGUAGE_STANDARD = gnu99;
				GCC_NO_COMMON_BLOCKS = YES;
				GCC_WARN_64_TO_32_BIT_CONVERSION = YES;
				GCC_WARN_ABOUT_RETURN_TYPE = YES_ERROR;
				GCC_WARN_UNDECLARED_SELECTOR = YES;
				GCC_WARN_UNINITIALIZED_AUTOS = YES_AGGRESSIVE;
				GCC_WARN_UNUSED_FUNCTION = YES;
				GCC_WARN_UNUSED_VARIABLE = YES;
				IPHONEOS_DEPLOYMENT_TARGET = 9.0;
				MTL_ENABLE_DEBUG_INFO = NO;
				SDKROOT = iphoneos;
				SWIFT_OPTIMIZATION_LEVEL = "-Owholemodule";
				TARGETED_DEVICE_FAMILY = "1,2";
				VALIDATE_PRODUCT = YES;
			};
			name = Release;
		};
		032FD95D1EC6ED6400F488E9 /* Debug */ = {
			isa = XCBuildConfiguration;
			buildSettings = {
				ALWAYS_EMBED_SWIFT_STANDARD_LIBRARIES = YES;
				ASSETCATALOG_COMPILER_APPICON_NAME = AppIcon;
				CODE_SIGN_ENTITLEMENTS = ForPpu/ForPpu.entitlements;
				"CODE_SIGN_IDENTITY[sdk=iphoneos*]" = "iPhone Distribution";
				DEVELOPMENT_TEAM = UT834J75J3;
				FRAMEWORK_SEARCH_PATHS = (
					"$(inherited)",
					"$(PROJECT_DIR)/ForPpu",
				);
				INFOPLIST_FILE = ForPpu/Info.plist;
				IPHONEOS_DEPLOYMENT_TARGET = 9.0;
				LD_RUNPATH_SEARCH_PATHS = "$(inherited) @executable_path/Frameworks";
				PRODUCT_BUNDLE_IDENTIFIER = com.baecheese.app.forppu;
				PRODUCT_NAME = "$(TARGET_NAME)";
				PROVISIONING_PROFILE = "f7f37771-01ec-4e2d-94d3-2f2f933c5361";
				PROVISIONING_PROFILE_SPECIFIER = baecheese;
				SWIFT_SWIFT3_OBJC_INFERENCE = On;
				SWIFT_VERSION = 4.0;
				TARGETED_DEVICE_FAMILY = 1;
			};
			name = Debug;
		};
		032FD95E1EC6ED6400F488E9 /* Release */ = {
			isa = XCBuildConfiguration;
			buildSettings = {
				ALWAYS_EMBED_SWIFT_STANDARD_LIBRARIES = YES;
				ASSETCATALOG_COMPILER_APPICON_NAME = AppIcon;
				CODE_SIGN_ENTITLEMENTS = ForPpu/ForPpu.entitlements;
				"CODE_SIGN_IDENTITY[sdk=iphoneos*]" = "iPhone Distribution";
				DEVELOPMENT_TEAM = UT834J75J3;
				FRAMEWORK_SEARCH_PATHS = (
					"$(inherited)",
					"$(PROJECT_DIR)/ForPpu",
				);
				INFOPLIST_FILE = ForPpu/Info.plist;
				IPHONEOS_DEPLOYMENT_TARGET = 9.0;
				LD_RUNPATH_SEARCH_PATHS = "$(inherited) @executable_path/Frameworks";
				PRODUCT_BUNDLE_IDENTIFIER = com.baecheese.app.forppu;
				PRODUCT_NAME = "$(TARGET_NAME)";
				PROVISIONING_PROFILE = "f7f37771-01ec-4e2d-94d3-2f2f933c5361";
				PROVISIONING_PROFILE_SPECIFIER = baecheese;
				SWIFT_SWIFT3_OBJC_INFERENCE = On;
				SWIFT_VERSION = 4.0;
				TARGETED_DEVICE_FAMILY = 1;
			};
			name = Release;
		};
		036C04D21EC9B40A006DEBBA /* Debug */ = {
			isa = XCBuildConfiguration;
			buildSettings = {
				CODE_SIGN_ENTITLEMENTS = ForPpu_Blue/ForPpu_Blue.entitlements;
				CODE_SIGN_IDENTITY = "";
				"CODE_SIGN_IDENTITY[sdk=iphoneos*]" = "iPhone Distribution";
				DEVELOPMENT_TEAM = UT834J75J3;
				FRAMEWORK_SEARCH_PATHS = (
					"$(inherited)",
					"$(PROJECT_DIR)/ForPpu",
				);
				INFOPLIST_FILE = ForPpu_Blue/Info.plist;
				IPHONEOS_DEPLOYMENT_TARGET = 9.0;
				LD_RUNPATH_SEARCH_PATHS = "$(inherited) @executable_path/Frameworks @executable_path/../../Frameworks";
				PRODUCT_BUNDLE_IDENTIFIER = "com.baecheese.app.forppu.ForPpu-Blue";
				PRODUCT_NAME = "$(TARGET_NAME)";
				PROVISIONING_PROFILE = "463e0258-74db-41c3-b993-05257a8b9ad5";
				PROVISIONING_PROFILE_SPECIFIER = baecheeseBlue;
				SKIP_INSTALL = YES;
				SWIFT_SWIFT3_OBJC_INFERENCE = On;
				SWIFT_VERSION = 4.0;
				TARGETED_DEVICE_FAMILY = 1;
			};
			name = Debug;
		};
		036C04D31EC9B40A006DEBBA /* Release */ = {
			isa = XCBuildConfiguration;
			buildSettings = {
				CODE_SIGN_ENTITLEMENTS = ForPpu_Blue/ForPpu_Blue.entitlements;
				CODE_SIGN_IDENTITY = "";
				"CODE_SIGN_IDENTITY[sdk=iphoneos*]" = "iPhone Distribution";
				DEVELOPMENT_TEAM = UT834J75J3;
				FRAMEWORK_SEARCH_PATHS = (
					"$(inherited)",
					"$(PROJECT_DIR)/ForPpu",
				);
				INFOPLIST_FILE = ForPpu_Blue/Info.plist;
				IPHONEOS_DEPLOYMENT_TARGET = 9.0;
				LD_RUNPATH_SEARCH_PATHS = "$(inherited) @executable_path/Frameworks @executable_path/../../Frameworks";
				PRODUCT_BUNDLE_IDENTIFIER = "com.baecheese.app.forppu.ForPpu-Blue";
				PRODUCT_NAME = "$(TARGET_NAME)";
				PROVISIONING_PROFILE = "463e0258-74db-41c3-b993-05257a8b9ad5";
				PROVISIONING_PROFILE_SPECIFIER = baecheeseBlue;
				SKIP_INSTALL = YES;
				SWIFT_SWIFT3_OBJC_INFERENCE = On;
				SWIFT_VERSION = 4.0;
				TARGETED_DEVICE_FAMILY = 1;
			};
			name = Release;
		};
		036C04E71EC9B610006DEBBA /* Debug */ = {
			isa = XCBuildConfiguration;
			buildSettings = {
				CODE_SIGN_ENTITLEMENTS = ForPpu_Green/ForPpu_Green.entitlements;
				"CODE_SIGN_IDENTITY[sdk=iphoneos*]" = "iPhone Distribution";
				DEVELOPMENT_TEAM = UT834J75J3;
				FRAMEWORK_SEARCH_PATHS = (
					"$(inherited)",
					"$(PROJECT_DIR)/ForPpu",
				);
				INFOPLIST_FILE = ForPpu_Green/Info.plist;
				IPHONEOS_DEPLOYMENT_TARGET = 9.0;
				LD_RUNPATH_SEARCH_PATHS = "$(inherited) @executable_path/Frameworks @executable_path/../../Frameworks";
				PRODUCT_BUNDLE_IDENTIFIER = "com.baecheese.app.forppu.ForPpu-Green";
				PRODUCT_NAME = "$(TARGET_NAME)";
				PROVISIONING_PROFILE = "72e7fb82-8193-463c-80f6-1863dbab5487";
				PROVISIONING_PROFILE_SPECIFIER = baecheeseGreen;
				SKIP_INSTALL = YES;
				SWIFT_SWIFT3_OBJC_INFERENCE = On;
				SWIFT_VERSION = 4.0;
				TARGETED_DEVICE_FAMILY = 1;
			};
			name = Debug;
		};
		036C04E81EC9B610006DEBBA /* Release */ = {
			isa = XCBuildConfiguration;
			buildSettings = {
				CODE_SIGN_ENTITLEMENTS = ForPpu_Green/ForPpu_Green.entitlements;
				"CODE_SIGN_IDENTITY[sdk=iphoneos*]" = "iPhone Distribution";
				DEVELOPMENT_TEAM = UT834J75J3;
				FRAMEWORK_SEARCH_PATHS = (
					"$(inherited)",
					"$(PROJECT_DIR)/ForPpu",
				);
				INFOPLIST_FILE = ForPpu_Green/Info.plist;
				IPHONEOS_DEPLOYMENT_TARGET = 9.0;
				LD_RUNPATH_SEARCH_PATHS = "$(inherited) @executable_path/Frameworks @executable_path/../../Frameworks";
				PRODUCT_BUNDLE_IDENTIFIER = "com.baecheese.app.forppu.ForPpu-Green";
				PRODUCT_NAME = "$(TARGET_NAME)";
				PROVISIONING_PROFILE = "72e7fb82-8193-463c-80f6-1863dbab5487";
				PROVISIONING_PROFILE_SPECIFIER = baecheeseGreen;
				SKIP_INSTALL = YES;
				SWIFT_SWIFT3_OBJC_INFERENCE = On;
				SWIFT_VERSION = 4.0;
				TARGETED_DEVICE_FAMILY = 1;
			};
			name = Release;
		};
		036C04FF1ECAC783006DEBBA /* Debug */ = {
			isa = XCBuildConfiguration;
			buildSettings = {
				CODE_SIGN_ENTITLEMENTS = ForPpu_Red/ForPpu_Red.entitlements;
				CODE_SIGN_IDENTITY = "iPhone Distribution";
				"CODE_SIGN_IDENTITY[sdk=iphoneos*]" = "iPhone Distribution";
				DEVELOPMENT_TEAM = UT834J75J3;
				FRAMEWORK_SEARCH_PATHS = (
					"$(inherited)",
					"$(PROJECT_DIR)/ForPpu",
				);
				INFOPLIST_FILE = ForPpu_Red/Info.plist;
				IPHONEOS_DEPLOYMENT_TARGET = 9.0;
				LD_RUNPATH_SEARCH_PATHS = "$(inherited) @executable_path/Frameworks @executable_path/../../Frameworks";
				PRODUCT_BUNDLE_IDENTIFIER = "com.baecheese.app.forppu.ForPpu-Red";
				PRODUCT_NAME = "$(TARGET_NAME)";
				PROVISIONING_PROFILE = "56962431-bb11-4bf9-b2ec-2a14cdc2de63";
				PROVISIONING_PROFILE_SPECIFIER = baecheeseRed;
				SKIP_INSTALL = YES;
				SWIFT_SWIFT3_OBJC_INFERENCE = On;
				SWIFT_VERSION = 4.0;
				TARGETED_DEVICE_FAMILY = 1;
			};
			name = Debug;
		};
		036C05001ECAC783006DEBBA /* Release */ = {
			isa = XCBuildConfiguration;
			buildSettings = {
				CODE_SIGN_ENTITLEMENTS = ForPpu_Red/ForPpu_Red.entitlements;
				CODE_SIGN_IDENTITY = "iPhone Distribution";
				"CODE_SIGN_IDENTITY[sdk=iphoneos*]" = "iPhone Distribution";
				DEVELOPMENT_TEAM = UT834J75J3;
				FRAMEWORK_SEARCH_PATHS = (
					"$(inherited)",
					"$(PROJECT_DIR)/ForPpu",
				);
				INFOPLIST_FILE = ForPpu_Red/Info.plist;
				IPHONEOS_DEPLOYMENT_TARGET = 9.0;
				LD_RUNPATH_SEARCH_PATHS = "$(inherited) @executable_path/Frameworks @executable_path/../../Frameworks";
				PRODUCT_BUNDLE_IDENTIFIER = "com.baecheese.app.forppu.ForPpu-Red";
				PRODUCT_NAME = "$(TARGET_NAME)";
				PROVISIONING_PROFILE = "56962431-bb11-4bf9-b2ec-2a14cdc2de63";
				PROVISIONING_PROFILE_SPECIFIER = baecheeseRed;
				SKIP_INSTALL = YES;
				SWIFT_SWIFT3_OBJC_INFERENCE = On;
				SWIFT_VERSION = 4.0;
				TARGETED_DEVICE_FAMILY = 1;
			};
			name = Release;
		};
		036C05121ECAC7CD006DEBBA /* Debug */ = {
			isa = XCBuildConfiguration;
			buildSettings = {
				CODE_SIGN_ENTITLEMENTS = ForPpu_Orange/ForPpu_Orange.entitlements;
				"CODE_SIGN_IDENTITY[sdk=iphoneos*]" = "iPhone Distribution";
				DEVELOPMENT_TEAM = UT834J75J3;
				FRAMEWORK_SEARCH_PATHS = (
					"$(inherited)",
					"$(PROJECT_DIR)/ForPpu",
				);
				INFOPLIST_FILE = ForPpu_Orange/Info.plist;
				IPHONEOS_DEPLOYMENT_TARGET = 9.0;
				LD_RUNPATH_SEARCH_PATHS = "$(inherited) @executable_path/Frameworks @executable_path/../../Frameworks";
				PRODUCT_BUNDLE_IDENTIFIER = "com.baecheese.app.forppu.ForPpu-Orange";
				PRODUCT_NAME = "$(TARGET_NAME)";
				PROVISIONING_PROFILE = "e5799e87-1bb2-4c42-8fc2-10febcddf823";
				PROVISIONING_PROFILE_SPECIFIER = baecheeseOrange;
				SKIP_INSTALL = YES;
				SWIFT_SWIFT3_OBJC_INFERENCE = On;
				SWIFT_VERSION = 4.0;
				TARGETED_DEVICE_FAMILY = 1;
			};
			name = Debug;
		};
		036C05131ECAC7CD006DEBBA /* Release */ = {
			isa = XCBuildConfiguration;
			buildSettings = {
				CODE_SIGN_ENTITLEMENTS = ForPpu_Orange/ForPpu_Orange.entitlements;
				"CODE_SIGN_IDENTITY[sdk=iphoneos*]" = "iPhone Distribution";
				DEVELOPMENT_TEAM = UT834J75J3;
				FRAMEWORK_SEARCH_PATHS = (
					"$(inherited)",
					"$(PROJECT_DIR)/ForPpu",
				);
				INFOPLIST_FILE = ForPpu_Orange/Info.plist;
				IPHONEOS_DEPLOYMENT_TARGET = 9.0;
				LD_RUNPATH_SEARCH_PATHS = "$(inherited) @executable_path/Frameworks @executable_path/../../Frameworks";
				PRODUCT_BUNDLE_IDENTIFIER = "com.baecheese.app.forppu.ForPpu-Orange";
				PRODUCT_NAME = "$(TARGET_NAME)";
				PROVISIONING_PROFILE = "e5799e87-1bb2-4c42-8fc2-10febcddf823";
				PROVISIONING_PROFILE_SPECIFIER = baecheeseOrange;
				SKIP_INSTALL = YES;
				SWIFT_SWIFT3_OBJC_INFERENCE = On;
				SWIFT_VERSION = 4.0;
				TARGETED_DEVICE_FAMILY = 1;
			};
			name = Release;
		};
		036C05251ECAC7DF006DEBBA /* Debug */ = {
			isa = XCBuildConfiguration;
			buildSettings = {
				CODE_SIGN_ENTITLEMENTS = ForPpu_Yellow/ForPpu_Yellow.entitlements;
				"CODE_SIGN_IDENTITY[sdk=iphoneos*]" = "iPhone Distribution";
				DEVELOPMENT_TEAM = UT834J75J3;
				FRAMEWORK_SEARCH_PATHS = (
					"$(inherited)",
					"$(PROJECT_DIR)/ForPpu",
				);
				INFOPLIST_FILE = ForPpu_Yellow/Info.plist;
				IPHONEOS_DEPLOYMENT_TARGET = 9.0;
				LD_RUNPATH_SEARCH_PATHS = "$(inherited) @executable_path/Frameworks @executable_path/../../Frameworks";
				PRODUCT_BUNDLE_IDENTIFIER = "com.baecheese.app.forppu.ForPpu-Yellow";
				PRODUCT_NAME = "$(TARGET_NAME)";
				PROVISIONING_PROFILE = "f0543bcd-0204-4f0a-b831-69df341975c9";
				PROVISIONING_PROFILE_SPECIFIER = baecheeseYellow;
				SKIP_INSTALL = YES;
				SWIFT_SWIFT3_OBJC_INFERENCE = On;
				SWIFT_VERSION = 4.0;
				TARGETED_DEVICE_FAMILY = 1;
			};
			name = Debug;
		};
		036C05261ECAC7DF006DEBBA /* Release */ = {
			isa = XCBuildConfiguration;
			buildSettings = {
				CODE_SIGN_ENTITLEMENTS = ForPpu_Yellow/ForPpu_Yellow.entitlements;
				"CODE_SIGN_IDENTITY[sdk=iphoneos*]" = "iPhone Distribution";
				DEVELOPMENT_TEAM = UT834J75J3;
				FRAMEWORK_SEARCH_PATHS = (
					"$(inherited)",
					"$(PROJECT_DIR)/ForPpu",
				);
				INFOPLIST_FILE = ForPpu_Yellow/Info.plist;
				IPHONEOS_DEPLOYMENT_TARGET = 9.0;
				LD_RUNPATH_SEARCH_PATHS = "$(inherited) @executable_path/Frameworks @executable_path/../../Frameworks";
				PRODUCT_BUNDLE_IDENTIFIER = "com.baecheese.app.forppu.ForPpu-Yellow";
				PRODUCT_NAME = "$(TARGET_NAME)";
				PROVISIONING_PROFILE = "f0543bcd-0204-4f0a-b831-69df341975c9";
				PROVISIONING_PROFILE_SPECIFIER = baecheeseYellow;
				SKIP_INSTALL = YES;
				SWIFT_SWIFT3_OBJC_INFERENCE = On;
				SWIFT_VERSION = 4.0;
				TARGETED_DEVICE_FAMILY = 1;
			};
			name = Release;
		};
		036C05381ECAC7F0006DEBBA /* Debug */ = {
			isa = XCBuildConfiguration;
			buildSettings = {
				CODE_SIGN_ENTITLEMENTS = ForPpu_Indigo/ForPpu_Indigo.entitlements;
				"CODE_SIGN_IDENTITY[sdk=iphoneos*]" = "iPhone Distribution";
				DEVELOPMENT_TEAM = UT834J75J3;
				FRAMEWORK_SEARCH_PATHS = (
					"$(inherited)",
					"$(PROJECT_DIR)/ForPpu",
				);
				INFOPLIST_FILE = ForPpu_Indigo/Info.plist;
				IPHONEOS_DEPLOYMENT_TARGET = 9.0;
				LD_RUNPATH_SEARCH_PATHS = "$(inherited) @executable_path/Frameworks @executable_path/../../Frameworks";
				PRODUCT_BUNDLE_IDENTIFIER = "com.baecheese.app.forppu.ForPpu-Indigo";
				PRODUCT_NAME = "$(TARGET_NAME)";
				PROVISIONING_PROFILE = "57d60eb0-8d48-461c-af78-16d57bb9bc48";
				PROVISIONING_PROFILE_SPECIFIER = baecheeseIndigo;
				SKIP_INSTALL = YES;
				SWIFT_SWIFT3_OBJC_INFERENCE = On;
				SWIFT_VERSION = 4.0;
				TARGETED_DEVICE_FAMILY = 1;
			};
			name = Debug;
		};
		036C05391ECAC7F0006DEBBA /* Release */ = {
			isa = XCBuildConfiguration;
			buildSettings = {
				CODE_SIGN_ENTITLEMENTS = ForPpu_Indigo/ForPpu_Indigo.entitlements;
				"CODE_SIGN_IDENTITY[sdk=iphoneos*]" = "iPhone Distribution";
				DEVELOPMENT_TEAM = UT834J75J3;
				FRAMEWORK_SEARCH_PATHS = (
					"$(inherited)",
					"$(PROJECT_DIR)/ForPpu",
				);
				INFOPLIST_FILE = ForPpu_Indigo/Info.plist;
				IPHONEOS_DEPLOYMENT_TARGET = 9.0;
				LD_RUNPATH_SEARCH_PATHS = "$(inherited) @executable_path/Frameworks @executable_path/../../Frameworks";
				PRODUCT_BUNDLE_IDENTIFIER = "com.baecheese.app.forppu.ForPpu-Indigo";
				PRODUCT_NAME = "$(TARGET_NAME)";
				PROVISIONING_PROFILE = "57d60eb0-8d48-461c-af78-16d57bb9bc48";
				PROVISIONING_PROFILE_SPECIFIER = baecheeseIndigo;
				SKIP_INSTALL = YES;
				SWIFT_SWIFT3_OBJC_INFERENCE = On;
				SWIFT_VERSION = 4.0;
				TARGETED_DEVICE_FAMILY = 1;
			};
			name = Release;
		};
		036C054B1ECAC7FC006DEBBA /* Debug */ = {
			isa = XCBuildConfiguration;
			buildSettings = {
				CODE_SIGN_ENTITLEMENTS = ForPpu_Violet/ForPpu_Violet.entitlements;
				"CODE_SIGN_IDENTITY[sdk=iphoneos*]" = "iPhone Distribution";
				DEVELOPMENT_TEAM = UT834J75J3;
				FRAMEWORK_SEARCH_PATHS = (
					"$(inherited)",
					"$(PROJECT_DIR)/ForPpu",
				);
				INFOPLIST_FILE = ForPpu_Violet/Info.plist;
				IPHONEOS_DEPLOYMENT_TARGET = 9.0;
				LD_RUNPATH_SEARCH_PATHS = "$(inherited) @executable_path/Frameworks @executable_path/../../Frameworks";
				PRODUCT_BUNDLE_IDENTIFIER = "com.baecheese.app.forppu.ForPpu-Violet";
				PRODUCT_NAME = "$(TARGET_NAME)";
				PROVISIONING_PROFILE = "037fb2ee-143a-4fcb-ba65-36403d60b67e";
				PROVISIONING_PROFILE_SPECIFIER = baecheeseViolet;
				SKIP_INSTALL = YES;
				SWIFT_SWIFT3_OBJC_INFERENCE = On;
				SWIFT_VERSION = 4.0;
				TARGETED_DEVICE_FAMILY = 1;
			};
			name = Debug;
		};
		036C054C1ECAC7FC006DEBBA /* Release */ = {
			isa = XCBuildConfiguration;
			buildSettings = {
				CODE_SIGN_ENTITLEMENTS = ForPpu_Violet/ForPpu_Violet.entitlements;
				"CODE_SIGN_IDENTITY[sdk=iphoneos*]" = "iPhone Distribution";
				DEVELOPMENT_TEAM = UT834J75J3;
				FRAMEWORK_SEARCH_PATHS = (
					"$(inherited)",
					"$(PROJECT_DIR)/ForPpu",
				);
				INFOPLIST_FILE = ForPpu_Violet/Info.plist;
				IPHONEOS_DEPLOYMENT_TARGET = 9.0;
				LD_RUNPATH_SEARCH_PATHS = "$(inherited) @executable_path/Frameworks @executable_path/../../Frameworks";
				PRODUCT_BUNDLE_IDENTIFIER = "com.baecheese.app.forppu.ForPpu-Violet";
				PRODUCT_NAME = "$(TARGET_NAME)";
				PROVISIONING_PROFILE = "037fb2ee-143a-4fcb-ba65-36403d60b67e";
				PROVISIONING_PROFILE_SPECIFIER = baecheeseViolet;
				SKIP_INSTALL = YES;
				SWIFT_SWIFT3_OBJC_INFERENCE = On;
				SWIFT_VERSION = 4.0;
				TARGETED_DEVICE_FAMILY = 1;
			};
			name = Release;
		};
/* End XCBuildConfiguration section */

/* Begin XCConfigurationList section */
		032FD9451EC6ED6400F488E9 /* Build configuration list for PBXProject "ForPpu" */ = {
			isa = XCConfigurationList;
			buildConfigurations = (
				032FD95A1EC6ED6400F488E9 /* Debug */,
				032FD95B1EC6ED6400F488E9 /* Release */,
			);
			defaultConfigurationIsVisible = 0;
			defaultConfigurationName = Release;
		};
		032FD95C1EC6ED6400F488E9 /* Build configuration list for PBXNativeTarget "ForPpu" */ = {
			isa = XCConfigurationList;
			buildConfigurations = (
				032FD95D1EC6ED6400F488E9 /* Debug */,
				032FD95E1EC6ED6400F488E9 /* Release */,
			);
			defaultConfigurationIsVisible = 0;
			defaultConfigurationName = Release;
		};
		036C04D11EC9B40A006DEBBA /* Build configuration list for PBXNativeTarget "ForPpu_Blue" */ = {
			isa = XCConfigurationList;
			buildConfigurations = (
				036C04D21EC9B40A006DEBBA /* Debug */,
				036C04D31EC9B40A006DEBBA /* Release */,
			);
			defaultConfigurationIsVisible = 0;
			defaultConfigurationName = Release;
		};
		036C04E91EC9B610006DEBBA /* Build configuration list for PBXNativeTarget "ForPpu_Green" */ = {
			isa = XCConfigurationList;
			buildConfigurations = (
				036C04E71EC9B610006DEBBA /* Debug */,
				036C04E81EC9B610006DEBBA /* Release */,
			);
			defaultConfigurationIsVisible = 0;
			defaultConfigurationName = Release;
		};
		036C04FE1ECAC783006DEBBA /* Build configuration list for PBXNativeTarget "ForPpu_Red" */ = {
			isa = XCConfigurationList;
			buildConfigurations = (
				036C04FF1ECAC783006DEBBA /* Debug */,
				036C05001ECAC783006DEBBA /* Release */,
			);
			defaultConfigurationIsVisible = 0;
			defaultConfigurationName = Release;
		};
		036C05111ECAC7CD006DEBBA /* Build configuration list for PBXNativeTarget "ForPpu_Orange" */ = {
			isa = XCConfigurationList;
			buildConfigurations = (
				036C05121ECAC7CD006DEBBA /* Debug */,
				036C05131ECAC7CD006DEBBA /* Release */,
			);
			defaultConfigurationIsVisible = 0;
			defaultConfigurationName = Release;
		};
		036C05241ECAC7DF006DEBBA /* Build configuration list for PBXNativeTarget "ForPpu_Yellow" */ = {
			isa = XCConfigurationList;
			buildConfigurations = (
				036C05251ECAC7DF006DEBBA /* Debug */,
				036C05261ECAC7DF006DEBBA /* Release */,
			);
			defaultConfigurationIsVisible = 0;
			defaultConfigurationName = Release;
		};
		036C05371ECAC7F0006DEBBA /* Build configuration list for PBXNativeTarget "ForPpu_Indigo" */ = {
			isa = XCConfigurationList;
			buildConfigurations = (
				036C05381ECAC7F0006DEBBA /* Debug */,
				036C05391ECAC7F0006DEBBA /* Release */,
			);
			defaultConfigurationIsVisible = 0;
			defaultConfigurationName = Release;
		};
		036C054A1ECAC7FC006DEBBA /* Build configuration list for PBXNativeTarget "ForPpu_Violet" */ = {
			isa = XCConfigurationList;
			buildConfigurations = (
				036C054B1ECAC7FC006DEBBA /* Debug */,
				036C054C1ECAC7FC006DEBBA /* Release */,
			);
			defaultConfigurationIsVisible = 0;
			defaultConfigurationName = Release;
		};
/* End XCConfigurationList section */
	};
	rootObject = 032FD9421EC6ED6400F488E9 /* Project object */;
}
